
Microsoft Visual Studio Solution File, Format Version 12.00
# Visual Studio 15
VisualStudioVersion = 15.0.28307.421
MinimumVisualStudioVersion = 10.0.40219.1
Project("{8BC9CEB8-8B4A-11D0-8D11-00A0C91BC942}") = "10.1初始化数组", "10.1初始化数组\10.1初始化数组.vcxproj", "{4399D84C-2407-449D-9A53-14DBBCCAEB9D}"
EndProject
Project("{8BC9CEB8-8B4A-11D0-8D11-00A0C91BC942}") = "10.2多维数组", "10.2多维数组\10.2多维数组.vcxproj", "{B20629E1-B6E7-4184-94AC-BD1B98189AF0}"
EndProject
Project("{8BC9CEB8-8B4A-11D0-8D11-00A0C91BC942}") = "10.3指针和数组", "10.3指针和数组\10.3指针和数组.vcxproj", "{5B7A803B-C72D-4535-8DA4-223766FA4664}"
EndProject
Project("{8BC9CEB8-8B4A-11D0-8D11-00A0C91BC942}") = "10.4函数数组指针", "10.4\10.4.vcxproj", "{18844C28-B891-4662-B3CD-446B3720EC6D}"
EndProject
Project("{8BC9CEB8-8B4A-11D0-8D11-00A0C91BC942}") = "10.4.1使用指针形参", "10.4.1使用指针形参\10.4.1使用指针形参.vcxproj", "{CCF0975A-9772-474B-AF74-C9F85DD1935D}"
EndProject
Project("{8BC9CEB8-8B4A-11D0-8D11-00A0C91BC942}") = "10.4.1指针运算的优先级", "10.4.1指针运算的优先级\10.4.1指针运算的优先级.vcxproj", "{CE6553AA-A7D1-43B5-AF75-4457C87ABBFB}"
EndProject
Project("{8BC9CEB8-8B4A-11D0-8D11-00A0C91BC942}") = "10.5指针操作", "10.5指针操作\10.5指针操作.vcxproj", "{C083CD07-2738-42DD-BE6D-D0278756C8AB}"
EndProject
Project("{8BC9CEB8-8B4A-11D0-8D11-00A0C91BC942}") = "10.6对形参使用const", "10.6对形参使用const\10.6对形参使用const.vcxproj", "{442DC54B-610D-4A5F-9993-9E4AA20598F9}"
EndProject
Project("{8BC9CEB8-8B4A-11D0-8D11-00A0C91BC942}") = "10.7指针和多维数组", "10.7指针和多维数组\10.7指针和多维数组.vcxproj", "{807A9D99-4B94-412C-8211-ED9F54D1FC33}"
EndProject
Project("{8BC9CEB8-8B4A-11D0-8D11-00A0C91BC942}") = "10.7.2指针的兼容性", "10.7.2指针的兼容性\10.7.2指针的兼容性.vcxproj", "{A0AA3467-9648-4DB3-9494-20435CCCC57F}"
EndProject
Global
	GlobalSection(SolutionConfigurationPlatforms) = preSolution
		Debug|x64 = Debug|x64
		Debug|x86 = Debug|x86
		Release|x64 = Release|x64
		Release|x86 = Release|x86
	EndGlobalSection
	GlobalSection(ProjectConfigurationPlatforms) = postSolution
		{4399D84C-2407-449D-9A53-14DBBCCAEB9D}.Debug|x64.ActiveCfg = Debug|x64
		{4399D84C-2407-449D-9A53-14DBBCCAEB9D}.Debug|x64.Build.0 = Debug|x64
		{4399D84C-2407-449D-9A53-14DBBCCAEB9D}.Debug|x86.ActiveCfg = Debug|Win32
		{4399D84C-2407-449D-9A53-14DBBCCAEB9D}.Debug|x86.Build.0 = Debug|Win32
		{4399D84C-2407-449D-9A53-14DBBCCAEB9D}.Release|x64.ActiveCfg = Release|x64
		{4399D84C-2407-449D-9A53-14DBBCCAEB9D}.Release|x64.Build.0 = Release|x64
		{4399D84C-2407-449D-9A53-14DBBCCAEB9D}.Release|x86.ActiveCfg = Release|Win32
		{4399D84C-2407-449D-9A53-14DBBCCAEB9D}.Release|x86.Build.0 = Release|Win32
		{B20629E1-B6E7-4184-94AC-BD1B98189AF0}.Debug|x64.ActiveCfg = Debug|x64
		{B20629E1-B6E7-4184-94AC-BD1B98189AF0}.Debug|x64.Build.0 = Debug|x64
		{B20629E1-B6E7-4184-94AC-BD1B98189AF0}.Debug|x86.ActiveCfg = Debug|Win32
		{B20629E1-B6E7-4184-94AC-BD1B98189AF0}.Debug|x86.Build.0 = Debug|Win32
		{B20629E1-B6E7-4184-94AC-BD1B98189AF0}.Release|x64.ActiveCfg = Release|x64
		{B20629E1-B6E7-4184-94AC-BD1B98189AF0}.Release|x64.Build.0 = Release|x64
		{B20629E1-B6E7-4184-94AC-BD1B98189AF0}.Release|x86.ActiveCfg = Release|Win32
		{B20629E1-B6E7-4184-94AC-BD1B98189AF0}.Release|x86.Build.0 = Release|Win32
		{5B7A803B-C72D-4535-8DA4-223766FA4664}.Debug|x64.ActiveCfg = Debug|x64
		{5B7A803B-C72D-4535-8DA4-223766FA4664}.Debug|x64.Build.0 = Debug|x64
		{5B7A803B-C72D-4535-8DA4-223766FA4664}.Debug|x86.ActiveCfg = Debug|Win32
		{5B7A803B-C72D-4535-8DA4-223766FA4664}.Debug|x86.Build.0 = Debug|Win32
		{5B7A803B-C72D-4535-8DA4-223766FA4664}.Release|x64.ActiveCfg = Release|x64
		{5B7A803B-C72D-4535-8DA4-223766FA4664}.Release|x64.Build.0 = Release|x64
		{5B7A803B-C72D-4535-8DA4-223766FA4664}.Release|x86.ActiveCfg = Release|Win32
		{5B7A803B-C72D-4535-8DA4-223766FA4664}.Release|x86.Build.0 = Release|Win32
		{18844C28-B891-4662-B3CD-446B3720EC6D}.Debug|x64.ActiveCfg = Debug|x64
		{18844C28-B891-4662-B3CD-446B3720EC6D}.Debug|x64.Build.0 = Debug|x64
		{18844C28-B891-4662-B3CD-446B3720EC6D}.Debug|x86.ActiveCfg = Debug|Win32
		{18844C28-B891-4662-B3CD-446B3720EC6D}.Debug|x86.Build.0 = Debug|Win32
		{18844C28-B891-4662-B3CD-446B3720EC6D}.Release|x64.ActiveCfg = Release|x64
		{18844C28-B891-4662-B3CD-446B3720EC6D}.Release|x64.Build.0 = Release|x64
		{18844C28-B891-4662-B3CD-446B3720EC6D}.Release|x86.ActiveCfg = Release|Win32
		{18844C28-B891-4662-B3CD-446B3720EC6D}.Release|x86.Build.0 = Release|Win32
		{CCF0975A-9772-474B-AF74-C9F85DD1935D}.Debug|x64.ActiveCfg = Debug|x64
		{CCF0975A-9772-474B-AF74-C9F85DD1935D}.Debug|x64.Build.0 = Debug|x64
		{CCF0975A-9772-474B-AF74-C9F85DD1935D}.Debug|x86.ActiveCfg = Debug|Win32
		{CCF0975A-9772-474B-AF74-C9F85DD1935D}.Debug|x86.Build.0 = Debug|Win32
		{CCF0975A-9772-474B-AF74-C9F85DD1935D}.Release|x64.ActiveCfg = Release|x64
		{CCF0975A-9772-474B-AF74-C9F85DD1935D}.Release|x64.Build.0 = Release|x64
		{CCF0975A-9772-474B-AF74-C9F85DD1935D}.Release|x86.ActiveCfg = Release|Win32
		{CCF0975A-9772-474B-AF74-C9F85DD1935D}.Release|x86.Build.0 = Release|Win32
		{CE6553AA-A7D1-43B5-AF75-4457C87ABBFB}.Debug|x64.ActiveCfg = Debug|x64
		{CE6553AA-A7D1-43B5-AF75-4457C87ABBFB}.Debug|x64.Build.0 = Debug|x64
		{CE6553AA-A7D1-43B5-AF75-4457C87ABBFB}.Debug|x86.ActiveCfg = Debug|Win32
		{CE6553AA-A7D1-43B5-AF75-4457C87ABBFB}.Debug|x86.Build.0 = Debug|Win32
		{CE6553AA-A7D1-43B5-AF75-4457C87ABBFB}.Release|x64.ActiveCfg = Release|x64
		{CE6553AA-A7D1-43B5-AF75-4457C87ABBFB}.Release|x64.Build.0 = Release|x64
		{CE6553AA-A7D1-43B5-AF75-4457C87ABBFB}.Release|x86.ActiveCfg = Release|Win32
		{CE6553AA-A7D1-43B5-AF75-4457C87ABBFB}.Release|x86.Build.0 = Release|Win32
		{C083CD07-2738-42DD-BE6D-D0278756C8AB}.Debug|x64.ActiveCfg = Debug|x64
		{C083CD07-2738-42DD-BE6D-D0278756C8AB}.Debug|x64.Build.0 = Debug|x64
		{C083CD07-2738-42DD-BE6D-D0278756C8AB}.Debug|x86.ActiveCfg = Debug|Win32
		{C083CD07-2738-42DD-BE6D-D0278756C8AB}.Debug|x86.Build.0 = Debug|Win32
		{C083CD07-2738-42DD-BE6D-D0278756C8AB}.Release|x64.ActiveCfg = Release|x64
		{C083CD07-2738-42DD-BE6D-D0278756C8AB}.Release|x64.Build.0 = Release|x64
		{C083CD07-2738-42DD-BE6D-D0278756C8AB}.Release|x86.ActiveCfg = Release|Win32
		{C083CD07-2738-42DD-BE6D-D0278756C8AB}.Release|x86.Build.0 = Release|Win32
		{442DC54B-610D-4A5F-9993-9E4AA20598F9}.Debug|x64.ActiveCfg = Debug|x64
		{442DC54B-610D-4A5F-9993-9E4AA20598F9}.Debug|x64.Build.0 = Debug|x64
		{442DC54B-610D-4A5F-9993-9E4AA20598F9}.Debug|x86.ActiveCfg = Debug|Win32
		{442DC54B-610D-4A5F-9993-9E4AA20598F9}.Debug|x86.Build.0 = Debug|Win32
		{442DC54B-610D-4A5F-9993-9E4AA20598F9}.Release|x64.ActiveCfg = Release|x64
		{442DC54B-610D-4A5F-9993-9E4AA20598F9}.Release|x64.Build.0 = Release|x64
		{442DC54B-610D-4A5F-9993-9E4AA20598F9}.Release|x86.ActiveCfg = Release|Win32
		{442DC54B-610D-4A5F-9993-9E4AA20598F9}.Release|x86.Build.0 = Release|Win32
		{807A9D99-4B94-412C-8211-ED9F54D1FC33}.Debug|x64.ActiveCfg = Debug|x64
		{807A9D99-4B94-412C-8211-ED9F54D1FC33}.Debug|x64.Build.0 = Debug|x64
		{807A9D99-4B94-412C-8211-ED9F54D1FC33}.Debug|x86.ActiveCfg = Debug|Win32
		{807A9D99-4B94-412C-8211-ED9F54D1FC33}.Debug|x86.Build.0 = Debug|Win32
		{807A9D99-4B94-412C-8211-ED9F54D1FC33}.Release|x64.ActiveCfg = Release|x64
		{807A9D99-4B94-412C-8211-ED9F54D1FC33}.Release|x64.Build.0 = Release|x64
		{807A9D99-4B94-412C-8211-ED9F54D1FC33}.Release|x86.ActiveCfg = Release|Win32
		{807A9D99-4B94-412C-8211-ED9F54D1FC33}.Release|x86.Build.0 = Release|Win32
		{A0AA3467-9648-4DB3-9494-20435CCCC57F}.Debug|x64.ActiveCfg = Debug|x64
		{A0AA3467-9648-4DB3-9494-20435CCCC57F}.Debug|x64.Build.0 = Debug|x64
		{A0AA3467-9648-4DB3-9494-20435CCCC57F}.Debug|x86.ActiveCfg = Debug|Win32
		{A0AA3467-9648-4DB3-9494-20435CCCC57F}.Debug|x86.Build.0 = Debug|Win32
		{A0AA3467-9648-4DB3-9494-20435CCCC57F}.Release|x64.ActiveCfg = Release|x64
		{A0AA3467-9648-4DB3-9494-20435CCCC57F}.Release|x64.Build.0 = Release|x64
		{A0AA3467-9648-4DB3-9494-20435CCCC57F}.Release|x86.ActiveCfg = Release|Win32
		{A0AA3467-9648-4DB3-9494-20435CCCC57F}.Release|x86.Build.0 = Release|Win32
	EndGlobalSection
	GlobalSection(SolutionProperties) = preSolution
		HideSolutionNode = FALSE
	EndGlobalSection
	GlobalSection(ExtensibilityGlobals) = postSolution
		SolutionGuid = {521279FB-B03F-4755-BF19-29162E0960A6}
	EndGlobalSection
EndGlobal
