
Microsoft Visual Studio Solution File, Format Version 12.00
# Visual Studio 15
VisualStudioVersion = 15.0.28307.421
MinimumVisualStudioVersion = 10.0.40219.1
Project("{8BC9CEB8-8B4A-11D0-8D11-00A0C91BC942}") = "B1018", "B1018.vcxproj", "{C003CAF0-25A1-4A8D-A560-BACEAD096FAD}"
EndProject
Project("{8BC9CEB8-8B4A-11D0-8D11-00A0C91BC942}") = "B1042", "..\B1042\B1042.vcxproj", "{6A2545E4-AB06-489C-A9F9-DA12A33DA128}"
EndProject
Project("{8BC9CEB8-8B4A-11D0-8D11-00A0C91BC942}") = "A1046", "..\A1046\A1046.vcxproj", "{386F4FBE-ACB3-44FD-9868-70839B4AB648}"
EndProject
Project("{8BC9CEB8-8B4A-11D0-8D11-00A0C91BC942}") = "A1065", "..\A1065\A1065.vcxproj", "{32E0A502-B1D3-43D1-9585-5CFC61400B61}"
EndProject
Project("{8BC9CEB8-8B4A-11D0-8D11-00A0C91BC942}") = "B1010", "..\B1010\B1010.vcxproj", "{829E34A0-0B17-4450-B6D8-4265BE581773}"
EndProject
Project("{8BC9CEB8-8B4A-11D0-8D11-00A0C91BC942}") = "A1002", "..\A1002\A1002.vcxproj", "{F7B1AB03-5DAC-412B-B458-D20F0F3A062B}"
EndProject
Project("{8BC9CEB8-8B4A-11D0-8D11-00A0C91BC942}") = "A1009", "..\A1009\A1009.vcxproj", "{D18DEB01-E90B-4979-B8A1-61F992137D25}"
EndProject
Project("{8BC9CEB8-8B4A-11D0-8D11-00A0C91BC942}") = "B1041", "..\B1041\B1041.vcxproj", "{5B344451-8C78-4EB7-BBFF-018594884F49}"
EndProject
Project("{8BC9CEB8-8B4A-11D0-8D11-00A0C91BC942}") = "B1004", "..\B1004\B1004.vcxproj", "{C9380A79-648D-43E3-A312-6936E9905858}"
EndProject
Project("{8BC9CEB8-8B4A-11D0-8D11-00A0C91BC942}") = "B1028", "..\B1028\B1028.vcxproj", "{FE3BCBC4-EE72-4ABC-B79F-BC43173FA8A1}"
EndProject
Project("{8BC9CEB8-8B4A-11D0-8D11-00A0C91BC942}") = "B1032", "..\Project1\Project1.vcxproj", "{FB16B436-D17E-4C89-81E7-2783B74991BF}"
EndProject
Project("{8BC9CEB8-8B4A-11D0-8D11-00A0C91BC942}") = "A1010", "..\A1010\A1010.vcxproj", "{5366101F-F9CF-4A04-BA7E-3D02A304391E}"
EndProject
Project("{8BC9CEB8-8B4A-11D0-8D11-00A0C91BC942}") = "A1006", "..\A1006\A1006.vcxproj", "{758D69DF-2D82-4E68-8033-02784FFAD7EA}"
EndProject
Project("{8BC9CEB8-8B4A-11D0-8D11-00A0C91BC942}") = "B1036", "..\B1036\B1036.vcxproj", "{6F8861E5-85D6-4E24-B647-B9726693D43F}"
EndProject
Global
	GlobalSection(SolutionConfigurationPlatforms) = preSolution
		Debug|x64 = Debug|x64
		Debug|x86 = Debug|x86
		Release|x64 = Release|x64
		Release|x86 = Release|x86
	EndGlobalSection
	GlobalSection(ProjectConfigurationPlatforms) = postSolution
		{C003CAF0-25A1-4A8D-A560-BACEAD096FAD}.Debug|x64.ActiveCfg = Debug|x64
		{C003CAF0-25A1-4A8D-A560-BACEAD096FAD}.Debug|x64.Build.0 = Debug|x64
		{C003CAF0-25A1-4A8D-A560-BACEAD096FAD}.Debug|x86.ActiveCfg = Debug|Win32
		{C003CAF0-25A1-4A8D-A560-BACEAD096FAD}.Debug|x86.Build.0 = Debug|Win32
		{C003CAF0-25A1-4A8D-A560-BACEAD096FAD}.Release|x64.ActiveCfg = Release|x64
		{C003CAF0-25A1-4A8D-A560-BACEAD096FAD}.Release|x64.Build.0 = Release|x64
		{C003CAF0-25A1-4A8D-A560-BACEAD096FAD}.Release|x86.ActiveCfg = Release|Win32
		{C003CAF0-25A1-4A8D-A560-BACEAD096FAD}.Release|x86.Build.0 = Release|Win32
		{6A2545E4-AB06-489C-A9F9-DA12A33DA128}.Debug|x64.ActiveCfg = Debug|x64
		{6A2545E4-AB06-489C-A9F9-DA12A33DA128}.Debug|x64.Build.0 = Debug|x64
		{6A2545E4-AB06-489C-A9F9-DA12A33DA128}.Debug|x86.ActiveCfg = Debug|Win32
		{6A2545E4-AB06-489C-A9F9-DA12A33DA128}.Debug|x86.Build.0 = Debug|Win32
		{6A2545E4-AB06-489C-A9F9-DA12A33DA128}.Release|x64.ActiveCfg = Release|x64
		{6A2545E4-AB06-489C-A9F9-DA12A33DA128}.Release|x64.Build.0 = Release|x64
		{6A2545E4-AB06-489C-A9F9-DA12A33DA128}.Release|x86.ActiveCfg = Release|Win32
		{6A2545E4-AB06-489C-A9F9-DA12A33DA128}.Release|x86.Build.0 = Release|Win32
		{386F4FBE-ACB3-44FD-9868-70839B4AB648}.Debug|x64.ActiveCfg = Debug|x64
		{386F4FBE-ACB3-44FD-9868-70839B4AB648}.Debug|x64.Build.0 = Debug|x64
		{386F4FBE-ACB3-44FD-9868-70839B4AB648}.Debug|x86.ActiveCfg = Debug|Win32
		{386F4FBE-ACB3-44FD-9868-70839B4AB648}.Debug|x86.Build.0 = Debug|Win32
		{386F4FBE-ACB3-44FD-9868-70839B4AB648}.Release|x64.ActiveCfg = Release|x64
		{386F4FBE-ACB3-44FD-9868-70839B4AB648}.Release|x64.Build.0 = Release|x64
		{386F4FBE-ACB3-44FD-9868-70839B4AB648}.Release|x86.ActiveCfg = Release|Win32
		{386F4FBE-ACB3-44FD-9868-70839B4AB648}.Release|x86.Build.0 = Release|Win32
		{32E0A502-B1D3-43D1-9585-5CFC61400B61}.Debug|x64.ActiveCfg = Debug|x64
		{32E0A502-B1D3-43D1-9585-5CFC61400B61}.Debug|x64.Build.0 = Debug|x64
		{32E0A502-B1D3-43D1-9585-5CFC61400B61}.Debug|x86.ActiveCfg = Debug|Win32
		{32E0A502-B1D3-43D1-9585-5CFC61400B61}.Debug|x86.Build.0 = Debug|Win32
		{32E0A502-B1D3-43D1-9585-5CFC61400B61}.Release|x64.ActiveCfg = Release|x64
		{32E0A502-B1D3-43D1-9585-5CFC61400B61}.Release|x64.Build.0 = Release|x64
		{32E0A502-B1D3-43D1-9585-5CFC61400B61}.Release|x86.ActiveCfg = Release|Win32
		{32E0A502-B1D3-43D1-9585-5CFC61400B61}.Release|x86.Build.0 = Release|Win32
		{829E34A0-0B17-4450-B6D8-4265BE581773}.Debug|x64.ActiveCfg = Debug|x64
		{829E34A0-0B17-4450-B6D8-4265BE581773}.Debug|x64.Build.0 = Debug|x64
		{829E34A0-0B17-4450-B6D8-4265BE581773}.Debug|x86.ActiveCfg = Debug|Win32
		{829E34A0-0B17-4450-B6D8-4265BE581773}.Debug|x86.Build.0 = Debug|Win32
		{829E34A0-0B17-4450-B6D8-4265BE581773}.Release|x64.ActiveCfg = Release|x64
		{829E34A0-0B17-4450-B6D8-4265BE581773}.Release|x64.Build.0 = Release|x64
		{829E34A0-0B17-4450-B6D8-4265BE581773}.Release|x86.ActiveCfg = Release|Win32
		{829E34A0-0B17-4450-B6D8-4265BE581773}.Release|x86.Build.0 = Release|Win32
		{F7B1AB03-5DAC-412B-B458-D20F0F3A062B}.Debug|x64.ActiveCfg = Debug|x64
		{F7B1AB03-5DAC-412B-B458-D20F0F3A062B}.Debug|x64.Build.0 = Debug|x64
		{F7B1AB03-5DAC-412B-B458-D20F0F3A062B}.Debug|x86.ActiveCfg = Debug|Win32
		{F7B1AB03-5DAC-412B-B458-D20F0F3A062B}.Debug|x86.Build.0 = Debug|Win32
		{F7B1AB03-5DAC-412B-B458-D20F0F3A062B}.Release|x64.ActiveCfg = Release|x64
		{F7B1AB03-5DAC-412B-B458-D20F0F3A062B}.Release|x64.Build.0 = Release|x64
		{F7B1AB03-5DAC-412B-B458-D20F0F3A062B}.Release|x86.ActiveCfg = Release|Win32
		{F7B1AB03-5DAC-412B-B458-D20F0F3A062B}.Release|x86.Build.0 = Release|Win32
		{D18DEB01-E90B-4979-B8A1-61F992137D25}.Debug|x64.ActiveCfg = Debug|x64
		{D18DEB01-E90B-4979-B8A1-61F992137D25}.Debug|x64.Build.0 = Debug|x64
		{D18DEB01-E90B-4979-B8A1-61F992137D25}.Debug|x86.ActiveCfg = Debug|Win32
		{D18DEB01-E90B-4979-B8A1-61F992137D25}.Debug|x86.Build.0 = Debug|Win32
		{D18DEB01-E90B-4979-B8A1-61F992137D25}.Release|x64.ActiveCfg = Release|x64
		{D18DEB01-E90B-4979-B8A1-61F992137D25}.Release|x64.Build.0 = Release|x64
		{D18DEB01-E90B-4979-B8A1-61F992137D25}.Release|x86.ActiveCfg = Release|Win32
		{D18DEB01-E90B-4979-B8A1-61F992137D25}.Release|x86.Build.0 = Release|Win32
		{5B344451-8C78-4EB7-BBFF-018594884F49}.Debug|x64.ActiveCfg = Debug|x64
		{5B344451-8C78-4EB7-BBFF-018594884F49}.Debug|x64.Build.0 = Debug|x64
		{5B344451-8C78-4EB7-BBFF-018594884F49}.Debug|x86.ActiveCfg = Debug|Win32
		{5B344451-8C78-4EB7-BBFF-018594884F49}.Debug|x86.Build.0 = Debug|Win32
		{5B344451-8C78-4EB7-BBFF-018594884F49}.Release|x64.ActiveCfg = Release|x64
		{5B344451-8C78-4EB7-BBFF-018594884F49}.Release|x64.Build.0 = Release|x64
		{5B344451-8C78-4EB7-BBFF-018594884F49}.Release|x86.ActiveCfg = Release|Win32
		{5B344451-8C78-4EB7-BBFF-018594884F49}.Release|x86.Build.0 = Release|Win32
		{C9380A79-648D-43E3-A312-6936E9905858}.Debug|x64.ActiveCfg = Debug|x64
		{C9380A79-648D-43E3-A312-6936E9905858}.Debug|x64.Build.0 = Debug|x64
		{C9380A79-648D-43E3-A312-6936E9905858}.Debug|x86.ActiveCfg = Debug|Win32
		{C9380A79-648D-43E3-A312-6936E9905858}.Debug|x86.Build.0 = Debug|Win32
		{C9380A79-648D-43E3-A312-6936E9905858}.Release|x64.ActiveCfg = Release|x64
		{C9380A79-648D-43E3-A312-6936E9905858}.Release|x64.Build.0 = Release|x64
		{C9380A79-648D-43E3-A312-6936E9905858}.Release|x86.ActiveCfg = Release|Win32
		{C9380A79-648D-43E3-A312-6936E9905858}.Release|x86.Build.0 = Release|Win32
		{FE3BCBC4-EE72-4ABC-B79F-BC43173FA8A1}.Debug|x64.ActiveCfg = Debug|x64
		{FE3BCBC4-EE72-4ABC-B79F-BC43173FA8A1}.Debug|x64.Build.0 = Debug|x64
		{FE3BCBC4-EE72-4ABC-B79F-BC43173FA8A1}.Debug|x86.ActiveCfg = Debug|Win32
		{FE3BCBC4-EE72-4ABC-B79F-BC43173FA8A1}.Debug|x86.Build.0 = Debug|Win32
		{FE3BCBC4-EE72-4ABC-B79F-BC43173FA8A1}.Release|x64.ActiveCfg = Release|x64
		{FE3BCBC4-EE72-4ABC-B79F-BC43173FA8A1}.Release|x64.Build.0 = Release|x64
		{FE3BCBC4-EE72-4ABC-B79F-BC43173FA8A1}.Release|x86.ActiveCfg = Release|Win32
		{FE3BCBC4-EE72-4ABC-B79F-BC43173FA8A1}.Release|x86.Build.0 = Release|Win32
		{FB16B436-D17E-4C89-81E7-2783B74991BF}.Debug|x64.ActiveCfg = Debug|x64
		{FB16B436-D17E-4C89-81E7-2783B74991BF}.Debug|x64.Build.0 = Debug|x64
		{FB16B436-D17E-4C89-81E7-2783B74991BF}.Debug|x86.ActiveCfg = Debug|Win32
		{FB16B436-D17E-4C89-81E7-2783B74991BF}.Debug|x86.Build.0 = Debug|Win32
		{FB16B436-D17E-4C89-81E7-2783B74991BF}.Release|x64.ActiveCfg = Release|x64
		{FB16B436-D17E-4C89-81E7-2783B74991BF}.Release|x64.Build.0 = Release|x64
		{FB16B436-D17E-4C89-81E7-2783B74991BF}.Release|x86.ActiveCfg = Release|Win32
		{FB16B436-D17E-4C89-81E7-2783B74991BF}.Release|x86.Build.0 = Release|Win32
		{5366101F-F9CF-4A04-BA7E-3D02A304391E}.Debug|x64.ActiveCfg = Debug|x64
		{5366101F-F9CF-4A04-BA7E-3D02A304391E}.Debug|x64.Build.0 = Debug|x64
		{5366101F-F9CF-4A04-BA7E-3D02A304391E}.Debug|x86.ActiveCfg = Debug|Win32
		{5366101F-F9CF-4A04-BA7E-3D02A304391E}.Debug|x86.Build.0 = Debug|Win32
		{5366101F-F9CF-4A04-BA7E-3D02A304391E}.Release|x64.ActiveCfg = Release|x64
		{5366101F-F9CF-4A04-BA7E-3D02A304391E}.Release|x64.Build.0 = Release|x64
		{5366101F-F9CF-4A04-BA7E-3D02A304391E}.Release|x86.ActiveCfg = Release|Win32
		{5366101F-F9CF-4A04-BA7E-3D02A304391E}.Release|x86.Build.0 = Release|Win32
		{758D69DF-2D82-4E68-8033-02784FFAD7EA}.Debug|x64.ActiveCfg = Debug|x64
		{758D69DF-2D82-4E68-8033-02784FFAD7EA}.Debug|x64.Build.0 = Debug|x64
		{758D69DF-2D82-4E68-8033-02784FFAD7EA}.Debug|x86.ActiveCfg = Debug|Win32
		{758D69DF-2D82-4E68-8033-02784FFAD7EA}.Debug|x86.Build.0 = Debug|Win32
		{758D69DF-2D82-4E68-8033-02784FFAD7EA}.Release|x64.ActiveCfg = Release|x64
		{758D69DF-2D82-4E68-8033-02784FFAD7EA}.Release|x64.Build.0 = Release|x64
		{758D69DF-2D82-4E68-8033-02784FFAD7EA}.Release|x86.ActiveCfg = Release|Win32
		{758D69DF-2D82-4E68-8033-02784FFAD7EA}.Release|x86.Build.0 = Release|Win32
		{6F8861E5-85D6-4E24-B647-B9726693D43F}.Debug|x64.ActiveCfg = Debug|x64
		{6F8861E5-85D6-4E24-B647-B9726693D43F}.Debug|x64.Build.0 = Debug|x64
		{6F8861E5-85D6-4E24-B647-B9726693D43F}.Debug|x86.ActiveCfg = Debug|Win32
		{6F8861E5-85D6-4E24-B647-B9726693D43F}.Debug|x86.Build.0 = Debug|Win32
		{6F8861E5-85D6-4E24-B647-B9726693D43F}.Release|x64.ActiveCfg = Release|x64
		{6F8861E5-85D6-4E24-B647-B9726693D43F}.Release|x64.Build.0 = Release|x64
		{6F8861E5-85D6-4E24-B647-B9726693D43F}.Release|x86.ActiveCfg = Release|Win32
		{6F8861E5-85D6-4E24-B647-B9726693D43F}.Release|x86.Build.0 = Release|Win32
	EndGlobalSection
	GlobalSection(SolutionProperties) = preSolution
		HideSolutionNode = FALSE
	EndGlobalSection
	GlobalSection(ExtensibilityGlobals) = postSolution
		SolutionGuid = {0C9923EA-E3C4-4D58-BBB2-29E28C43A7D3}
	EndGlobalSection
EndGlobal
