
Microsoft Visual Studio Solution File, Format Version 12.00
# Visual Studio 15
VisualStudioVersion = 15.0.28307.421
MinimumVisualStudioVersion = 10.0.40219.1
Project("{8BC9CEB8-8B4A-11D0-8D11-00A0C91BC942}") = "程序1无重复数字", "程序1无重复数字\程序1无重复数字.vcxproj", "{2D777F81-22DF-4FBD-9781-996738F04E1E}"
EndProject
Project("{8BC9CEB8-8B4A-11D0-8D11-00A0C91BC942}") = "程序2企业利润计算", "程序2企业利润计算\程序2企业利润计算.vcxproj", "{04A86135-71B6-4B70-9AEF-B139447E9AD3}"
EndProject
Project("{8BC9CEB8-8B4A-11D0-8D11-00A0C91BC942}") = "程序3加100是完全平方数", "程序3加100是完全平方数\程序3加100是完全平方数.vcxproj", "{B9757B38-7F1E-4689-99B0-883F5668272F}"
EndProject
Project("{8BC9CEB8-8B4A-11D0-8D11-00A0C91BC942}") = "程序4年份的第几天", "程序4年份的第几天\程序4年份的第几天.vcxproj", "{F0943371-6D46-485E-BC2D-9DE7FCAB6A2A}"
EndProject
Project("{8BC9CEB8-8B4A-11D0-8D11-00A0C91BC942}") = "程序5从小到大输出数", "程序5从小到大输出数\程序5从小到大输出数.vcxproj", "{6390C2F0-AE40-40C0-96BF-98AC1FBB6B1D}"
EndProject
Project("{8BC9CEB8-8B4A-11D0-8D11-00A0C91BC942}") = "程序6输出图形", "程序6输出图形\程序6输出图形.vcxproj", "{12936E3A-C7D4-4331-8B8D-8A5AC96C156E}"
EndProject
Project("{8BC9CEB8-8B4A-11D0-8D11-00A0C91BC942}") = "程序7输出特殊图形", "程序7输出特殊图形\程序7输出特殊图形.vcxproj", "{C1A6A5D1-1A8B-42B1-A133-3AF597A54EC3}"
EndProject
Project("{8BC9CEB8-8B4A-11D0-8D11-00A0C91BC942}") = "程序8输出99口诀表", "程序8输出99口诀表\程序8输出99口诀表.vcxproj", "{F009A99C-1951-4A3D-AC48-7977584C8EC0}"
EndProject
Project("{8BC9CEB8-8B4A-11D0-8D11-00A0C91BC942}") = "程序9国际象棋棋盘", "程序9国际象棋棋盘\程序9国际象棋棋盘.vcxproj", "{386387C9-7B19-42FF-90BC-F7806BAE4899}"
EndProject
Project("{8BC9CEB8-8B4A-11D0-8D11-00A0C91BC942}") = "程序10打印楼梯", "程序10打印楼梯\程序10打印楼梯.vcxproj", "{5718EF15-4CE8-45C1-B875-005A47760643}"
EndProject
Project("{8BC9CEB8-8B4A-11D0-8D11-00A0C91BC942}") = "程序11兔子问题", "程序11兔子问题\程序11兔子问题.vcxproj", "{EA24A621-9E33-456E-A596-57723C0609CD}"
EndProject
Project("{8BC9CEB8-8B4A-11D0-8D11-00A0C91BC942}") = "程序12素数判断", "程序12素数判断\程序12素数判断.vcxproj", "{57667D83-4FC2-4220-9AC1-7160BF543F24}"
EndProject
Project("{8BC9CEB8-8B4A-11D0-8D11-00A0C91BC942}") = "程序13水仙花", "程序13水仙花\程序13水仙花.vcxproj", "{8ED73B30-8146-4471-BFF0-489D796CBD3B}"
EndProject
Project("{8BC9CEB8-8B4A-11D0-8D11-00A0C91BC942}") = "程序14分解质因数", "程序14分解质因数\程序14分解质因数.vcxproj", "{BEAF9F2D-66C1-490C-B134-1587DD2CABE9}"
EndProject
Project("{8BC9CEB8-8B4A-11D0-8D11-00A0C91BC942}") = "程序15成绩嵌套", "程序15成绩嵌套\程序15成绩嵌套.vcxproj", "{81A2FA85-FE77-4A66-B058-66BAE07CFE00}"
EndProject
Project("{8BC9CEB8-8B4A-11D0-8D11-00A0C91BC942}") = "程序16最大公约数和最小公倍数", "程序16最大公约数和最小公倍数\程序16最大公约数和最小公倍数.vcxproj", "{5B6DD446-071F-44F1-AF47-7FE5902DA398}"
EndProject
Project("{8BC9CEB8-8B4A-11D0-8D11-00A0C91BC942}") = "程序17统计字符的中英文个数", "程序17统计字符的中英文个数\程序17统计字符的中英文个数.vcxproj", "{0F489D24-1BDA-42E3-9022-571A5FC91C1E}"
EndProject
Project("{8BC9CEB8-8B4A-11D0-8D11-00A0C91BC942}") = "程序18求s的值", "程序18求s的值\程序18求s的值.vcxproj", "{A18B51DD-DDC8-466F-B3E6-0E06607196CD}"
EndProject
Project("{8BC9CEB8-8B4A-11D0-8D11-00A0C91BC942}") = "程序19完数", "程序19完数\程序19完数.vcxproj", "{B4EE155E-F2FF-4DD7-95A0-DFA94E307C91}"
EndProject
Project("{8BC9CEB8-8B4A-11D0-8D11-00A0C91BC942}") = "程序20小球自由下落", "程序20小球自由下落\程序20小球自由下落.vcxproj", "{7B933A2D-F7FB-4584-B8A4-557C4298D2BC}"
EndProject
Project("{8BC9CEB8-8B4A-11D0-8D11-00A0C91BC942}") = "程序21猴子吃桃问题", "程序21猴子吃桃问题\程序21猴子吃桃问题.vcxproj", "{A2E29A5F-2BA5-496C-87F2-610DBC900F22}"
EndProject
Project("{8BC9CEB8-8B4A-11D0-8D11-00A0C91BC942}") = "程序22两个乒乓球队进行比赛", "程序22两个乒乓球队进行比赛\程序22两个乒乓球队进行比赛.vcxproj", "{657C8191-CBD4-4FAD-BF83-E5AAEC58939D}"
EndProject
Project("{8BC9CEB8-8B4A-11D0-8D11-00A0C91BC942}") = "程序23打印菱形", "程序23打印菱形\程序23打印菱形.vcxproj", "{4409A30A-305C-47C5-AEB7-E8BFA32F168E}"
EndProject
Project("{8BC9CEB8-8B4A-11D0-8D11-00A0C91BC942}") = "程序24求数列的前 20 项和", "程序24求数列的前 20 项和\程序24求数列的前 20 项和.vcxproj", "{3A55BF45-48AD-4C33-9021-DB369BD23F16}"
EndProject
Project("{8BC9CEB8-8B4A-11D0-8D11-00A0C91BC942}") = "程序25公式累乘", "程序25公式累乘\程序25公式累乘.vcxproj", "{E8A5E785-5472-4B1E-A9D5-8820CE084DFE}"
EndProject
Project("{8BC9CEB8-8B4A-11D0-8D11-00A0C91BC942}") = "程序26利用递归方法求 5!", "程序26利用递归方法求 5!\程序26利用递归方法求 5!.vcxproj", "{1C43C088-773F-47F9-B88B-3DB28E10D993}"
EndProject
Project("{8BC9CEB8-8B4A-11D0-8D11-00A0C91BC942}") = "程序27递归打印字符", "程序27递归打印字符\程序27递归打印字符.vcxproj", "{1D4ACA52-861B-42B6-848B-CF1682E123E9}"
EndProject
Project("{8BC9CEB8-8B4A-11D0-8D11-00A0C91BC942}") = "程序28五个人问岁数", "程序28五个人问岁数\程序28五个人问岁数.vcxproj", "{C6B65E47-34DC-44AB-9FDE-09894D59313D}"
EndProject
Project("{8BC9CEB8-8B4A-11D0-8D11-00A0C91BC942}") = "程序29位数打印", "程序29位数打印\程序29位数打印.vcxproj", "{DE1C82E8-5603-4A07-BC7D-CC0A02074219}"
EndProject
Project("{8BC9CEB8-8B4A-11D0-8D11-00A0C91BC942}") = "程序30回文数", "程序30回文数\程序30回文数.vcxproj", "{D9B26492-ACDF-4FD4-9CC6-DE267594FDDC}"
EndProject
Project("{8BC9CEB8-8B4A-11D0-8D11-00A0C91BC942}") = "程序31判断星期几", "程序31判断星期几\程序31判断星期几.vcxproj", "{659C622E-6953-4768-BA14-70731648D0DD}"
EndProject
Project("{8BC9CEB8-8B4A-11D0-8D11-00A0C91BC942}") = "程序32change color", "程序32change color\程序32change color.vcxproj", "{46B84812-215E-4CFD-95CC-634B5BA8B873}"
EndProject
Project("{8BC9CEB8-8B4A-11D0-8D11-00A0C91BC942}") = "程序33 gotoxy()与 clrscr()函数", "程序33 gotoxy()与 clrscr()函数\程序33 gotoxy()与 clrscr()函数.vcxproj", "{941F7A24-AEE2-419A-B0DF-A2B791CD97A4}"
EndProject
Project("{8BC9CEB8-8B4A-11D0-8D11-00A0C91BC942}") = "程序34练习函数调用", "程序34练习函数调用\程序34练习函数调用.vcxproj", "{10CA73E3-671D-4C80-AB83-4D3311FFD49E}"
EndProject
Project("{8BC9CEB8-8B4A-11D0-8D11-00A0C91BC942}") = "程序35文本颜色设置", "程序35文本颜色设置\程序35文本颜色设置.vcxproj", "{D0F0FAD6-15C6-49E9-8EBF-6C9E3DE35C54}"
EndProject
Project("{8BC9CEB8-8B4A-11D0-8D11-00A0C91BC942}") = "程序36求 100 之内的素数", "程序36求 100 之内的素数\程序36求 100 之内的素数.vcxproj", "{1AD73B11-E6EA-4C37-AB30-DA02765355F6}"
EndProject
Project("{8BC9CEB8-8B4A-11D0-8D11-00A0C91BC942}") = "程序37排序", "程序37排序\程序37排序.vcxproj", "{20E143EC-355D-4451-9372-8CFECF001481}"
EndProject
Project("{8BC9CEB8-8B4A-11D0-8D11-00A0C91BC942}") = "程序38矩阵对角线元素之和", "程序38矩阵对角线元素之和\程序38矩阵对角线元素之和.vcxproj", "{9AF6A817-EA02-46B9-A30B-C08E3B2679F9}"
EndProject
Project("{8BC9CEB8-8B4A-11D0-8D11-00A0C91BC942}") = "程序39数组插入数据", "程序39数组插入数据\程序39数组插入数据.vcxproj", "{7C99CB96-44C5-4851-BF3B-2971AF7118FD}"
EndProject
Project("{8BC9CEB8-8B4A-11D0-8D11-00A0C91BC942}") = "程序40数组逆序输出", "程序40数组逆序输出\程序40数组逆序输出.vcxproj", "{AA585D0C-E3BC-4D59-BA94-39D5921CEFC3}"
EndProject
Project("{8BC9CEB8-8B4A-11D0-8D11-00A0C91BC942}") = "程序41static 定义静态变量的用法", "程序41static 定义静态变量的用法\程序41static 定义静态变量的用法.vcxproj", "{84313DC8-6AF3-4943-806E-622221BA206C}"
EndProject
Project("{8BC9CEB8-8B4A-11D0-8D11-00A0C91BC942}") = "程序42 auto 定义变量的用法", "程序42 auto 定义变量的用法\程序42 auto 定义变量的用法.vcxproj", "{002F2040-D6EE-450B-88FA-159D85F0CFB6}"
EndProject
Project("{8BC9CEB8-8B4A-11D0-8D11-00A0C91BC942}") = "程序43static 的另一用法", "程序43static 的另一用法\程序43static 的另一用法.vcxproj", "{5069B04A-1019-462B-8364-CACDC04353E4}"
EndProject
Project("{8BC9CEB8-8B4A-11D0-8D11-00A0C91BC942}") = "程序44external 的用法", "程序44external 的用法\程序44external 的用法.vcxproj", "{CDCD4BE5-2753-4DCB-B360-772CA43CDFA2}"
EndProject
Project("{8BC9CEB8-8B4A-11D0-8D11-00A0C91BC942}") = "程序45 register 定义变量", "程序45 register 定义变量\程序45 register 定义变量.vcxproj", "{296773D2-257E-47BB-818D-576D0C03D1FE}"
EndProject
Project("{8BC9CEB8-8B4A-11D0-8D11-00A0C91BC942}") = "程序46宏define 命令练习1", "程序46宏define 命令练习1\程序46宏define 命令练习1.vcxproj", "{BED60155-CE31-4538-93A5-4A8EB1E4501D}"
EndProject
Project("{8BC9CEB8-8B4A-11D0-8D11-00A0C91BC942}") = "程序47宏define 命令练习2", "程序47宏define 命令练习2\程序47宏define 命令练习2.vcxproj", "{02748B1B-0BC1-4A58-9830-68D575F1539D}"
EndProject
Project("{8BC9CEB8-8B4A-11D0-8D11-00A0C91BC942}") = "程序48宏define 命令练习3", "程序48宏define 命令练习3\程序48宏define 命令练习3.vcxproj", "{88DE3CED-E903-4BD3-AB19-1159C7495D94}"
EndProject
Project("{8BC9CEB8-8B4A-11D0-8D11-00A0C91BC942}") = "程序49ifndef 的综合应用", "程序49ifndef 的综合应用\程序49ifndef 的综合应用.vcxproj", "{5D28C8EF-5267-4BAD-900F-0DFF751ADD60}"
EndProject
Project("{8BC9CEB8-8B4A-11D0-8D11-00A0C91BC942}") = "程序50include 的应用练习", "程序50include 的应用练习\程序50include 的应用练习.vcxproj", "{40A73DA4-E337-44ED-8BCA-3E85E64B1292}"
EndProject
Project("{8BC9CEB8-8B4A-11D0-8D11-00A0C91BC942}") = "程序51按位与", "程序51按位与\程序51按位与.vcxproj", "{3D5F6844-B033-4F68-9246-5883FD18C8AF}"
EndProject
Project("{8BC9CEB8-8B4A-11D0-8D11-00A0C91BC942}") = "程序52按位或", "程序52按位或\程序52按位或.vcxproj", "{D17C6B76-5CE6-45F6-9733-D43AAEAA2D63}"
EndProject
Project("{8BC9CEB8-8B4A-11D0-8D11-00A0C91BC942}") = "程序53按位异或", "程序53按位异或\程序53按位异或.vcxproj", "{DD894469-587C-4DA7-A9F6-DFD69C656978}"
EndProject
Project("{8BC9CEB8-8B4A-11D0-8D11-00A0C91BC942}") = "程序54取位数", "程序54取位数\程序54取位数.vcxproj", "{0ACE1BF7-0B19-464A-9DF0-7A6F45E40A33}"
EndProject
Project("{8BC9CEB8-8B4A-11D0-8D11-00A0C91BC942}") = "程序55按位取反", "程序55按位取反\程序55按位取反.vcxproj", "{AEC7B386-CBBF-4C9F-AD07-22FE0C41DADB}"
EndProject
Project("{8BC9CEB8-8B4A-11D0-8D11-00A0C91BC942}") = "程序56用 circle 画圆形", "程序56用 circle 画圆形\程序56用 circle 画圆形.vcxproj", "{6752AF68-BFA1-4243-AD4C-50134A1D4534}"
EndProject
Project("{8BC9CEB8-8B4A-11D0-8D11-00A0C91BC942}") = "程序61杨辉三角形", "程序61杨辉三角形\程序61杨辉三角形.vcxproj", "{B9761625-0D8A-4DCB-AC7A-26CB646592E3}"
EndProject
Project("{8BC9CEB8-8B4A-11D0-8D11-00A0C91BC942}") = "程序62putpixel 画点", "程序62putpixel 画点\程序62putpixel 画点.vcxproj", "{D0E5F79E-3B7C-4C40-AC8A-A312B27F6CBA}"
EndProject
Project("{8BC9CEB8-8B4A-11D0-8D11-00A0C91BC942}") = "程序66指针方法输出大小", "程序66指针方法输出大小\程序66指针方法输出大小.vcxproj", "{66912F73-30B6-41E3-A530-BCE326147C54}"
EndProject
Project("{8BC9CEB8-8B4A-11D0-8D11-00A0C91BC942}") = "程序67元素交换", "程序67元素交换\程序67元素交换.vcxproj", "{4A3B5212-DC13-4DE8-95D6-3AD89EF37C47}"
EndProject
Project("{8BC9CEB8-8B4A-11D0-8D11-00A0C91BC942}") = "程序68数组后移", "程序68数组后移\程序68数组后移.vcxproj", "{6131B65E-236A-4BFE-9DA9-FF11C0815A54}"
EndProject
Project("{8BC9CEB8-8B4A-11D0-8D11-00A0C91BC942}") = "程序69报数", "程序69报数\程序69报数.vcxproj", "{701B1443-BA47-4EBB-ACF6-535594BE316A}"
EndProject
Global
	GlobalSection(SolutionConfigurationPlatforms) = preSolution
		Debug|x64 = Debug|x64
		Debug|x86 = Debug|x86
		Release|x64 = Release|x64
		Release|x86 = Release|x86
	EndGlobalSection
	GlobalSection(ProjectConfigurationPlatforms) = postSolution
		{2D777F81-22DF-4FBD-9781-996738F04E1E}.Debug|x64.ActiveCfg = Debug|x64
		{2D777F81-22DF-4FBD-9781-996738F04E1E}.Debug|x64.Build.0 = Debug|x64
		{2D777F81-22DF-4FBD-9781-996738F04E1E}.Debug|x86.ActiveCfg = Debug|Win32
		{2D777F81-22DF-4FBD-9781-996738F04E1E}.Debug|x86.Build.0 = Debug|Win32
		{2D777F81-22DF-4FBD-9781-996738F04E1E}.Release|x64.ActiveCfg = Release|x64
		{2D777F81-22DF-4FBD-9781-996738F04E1E}.Release|x64.Build.0 = Release|x64
		{2D777F81-22DF-4FBD-9781-996738F04E1E}.Release|x86.ActiveCfg = Release|Win32
		{2D777F81-22DF-4FBD-9781-996738F04E1E}.Release|x86.Build.0 = Release|Win32
		{04A86135-71B6-4B70-9AEF-B139447E9AD3}.Debug|x64.ActiveCfg = Debug|x64
		{04A86135-71B6-4B70-9AEF-B139447E9AD3}.Debug|x64.Build.0 = Debug|x64
		{04A86135-71B6-4B70-9AEF-B139447E9AD3}.Debug|x86.ActiveCfg = Debug|Win32
		{04A86135-71B6-4B70-9AEF-B139447E9AD3}.Debug|x86.Build.0 = Debug|Win32
		{04A86135-71B6-4B70-9AEF-B139447E9AD3}.Release|x64.ActiveCfg = Release|x64
		{04A86135-71B6-4B70-9AEF-B139447E9AD3}.Release|x64.Build.0 = Release|x64
		{04A86135-71B6-4B70-9AEF-B139447E9AD3}.Release|x86.ActiveCfg = Release|Win32
		{04A86135-71B6-4B70-9AEF-B139447E9AD3}.Release|x86.Build.0 = Release|Win32
		{B9757B38-7F1E-4689-99B0-883F5668272F}.Debug|x64.ActiveCfg = Debug|x64
		{B9757B38-7F1E-4689-99B0-883F5668272F}.Debug|x64.Build.0 = Debug|x64
		{B9757B38-7F1E-4689-99B0-883F5668272F}.Debug|x86.ActiveCfg = Debug|Win32
		{B9757B38-7F1E-4689-99B0-883F5668272F}.Debug|x86.Build.0 = Debug|Win32
		{B9757B38-7F1E-4689-99B0-883F5668272F}.Release|x64.ActiveCfg = Release|x64
		{B9757B38-7F1E-4689-99B0-883F5668272F}.Release|x64.Build.0 = Release|x64
		{B9757B38-7F1E-4689-99B0-883F5668272F}.Release|x86.ActiveCfg = Release|Win32
		{B9757B38-7F1E-4689-99B0-883F5668272F}.Release|x86.Build.0 = Release|Win32
		{F0943371-6D46-485E-BC2D-9DE7FCAB6A2A}.Debug|x64.ActiveCfg = Debug|x64
		{F0943371-6D46-485E-BC2D-9DE7FCAB6A2A}.Debug|x64.Build.0 = Debug|x64
		{F0943371-6D46-485E-BC2D-9DE7FCAB6A2A}.Debug|x86.ActiveCfg = Debug|Win32
		{F0943371-6D46-485E-BC2D-9DE7FCAB6A2A}.Debug|x86.Build.0 = Debug|Win32
		{F0943371-6D46-485E-BC2D-9DE7FCAB6A2A}.Release|x64.ActiveCfg = Release|x64
		{F0943371-6D46-485E-BC2D-9DE7FCAB6A2A}.Release|x64.Build.0 = Release|x64
		{F0943371-6D46-485E-BC2D-9DE7FCAB6A2A}.Release|x86.ActiveCfg = Release|Win32
		{F0943371-6D46-485E-BC2D-9DE7FCAB6A2A}.Release|x86.Build.0 = Release|Win32
		{6390C2F0-AE40-40C0-96BF-98AC1FBB6B1D}.Debug|x64.ActiveCfg = Debug|x64
		{6390C2F0-AE40-40C0-96BF-98AC1FBB6B1D}.Debug|x64.Build.0 = Debug|x64
		{6390C2F0-AE40-40C0-96BF-98AC1FBB6B1D}.Debug|x86.ActiveCfg = Debug|Win32
		{6390C2F0-AE40-40C0-96BF-98AC1FBB6B1D}.Debug|x86.Build.0 = Debug|Win32
		{6390C2F0-AE40-40C0-96BF-98AC1FBB6B1D}.Release|x64.ActiveCfg = Release|x64
		{6390C2F0-AE40-40C0-96BF-98AC1FBB6B1D}.Release|x64.Build.0 = Release|x64
		{6390C2F0-AE40-40C0-96BF-98AC1FBB6B1D}.Release|x86.ActiveCfg = Release|Win32
		{6390C2F0-AE40-40C0-96BF-98AC1FBB6B1D}.Release|x86.Build.0 = Release|Win32
		{12936E3A-C7D4-4331-8B8D-8A5AC96C156E}.Debug|x64.ActiveCfg = Debug|x64
		{12936E3A-C7D4-4331-8B8D-8A5AC96C156E}.Debug|x64.Build.0 = Debug|x64
		{12936E3A-C7D4-4331-8B8D-8A5AC96C156E}.Debug|x86.ActiveCfg = Debug|Win32
		{12936E3A-C7D4-4331-8B8D-8A5AC96C156E}.Debug|x86.Build.0 = Debug|Win32
		{12936E3A-C7D4-4331-8B8D-8A5AC96C156E}.Release|x64.ActiveCfg = Release|x64
		{12936E3A-C7D4-4331-8B8D-8A5AC96C156E}.Release|x64.Build.0 = Release|x64
		{12936E3A-C7D4-4331-8B8D-8A5AC96C156E}.Release|x86.ActiveCfg = Release|Win32
		{12936E3A-C7D4-4331-8B8D-8A5AC96C156E}.Release|x86.Build.0 = Release|Win32
		{C1A6A5D1-1A8B-42B1-A133-3AF597A54EC3}.Debug|x64.ActiveCfg = Debug|x64
		{C1A6A5D1-1A8B-42B1-A133-3AF597A54EC3}.Debug|x64.Build.0 = Debug|x64
		{C1A6A5D1-1A8B-42B1-A133-3AF597A54EC3}.Debug|x86.ActiveCfg = Debug|Win32
		{C1A6A5D1-1A8B-42B1-A133-3AF597A54EC3}.Debug|x86.Build.0 = Debug|Win32
		{C1A6A5D1-1A8B-42B1-A133-3AF597A54EC3}.Release|x64.ActiveCfg = Release|x64
		{C1A6A5D1-1A8B-42B1-A133-3AF597A54EC3}.Release|x64.Build.0 = Release|x64
		{C1A6A5D1-1A8B-42B1-A133-3AF597A54EC3}.Release|x86.ActiveCfg = Release|Win32
		{C1A6A5D1-1A8B-42B1-A133-3AF597A54EC3}.Release|x86.Build.0 = Release|Win32
		{F009A99C-1951-4A3D-AC48-7977584C8EC0}.Debug|x64.ActiveCfg = Debug|x64
		{F009A99C-1951-4A3D-AC48-7977584C8EC0}.Debug|x64.Build.0 = Debug|x64
		{F009A99C-1951-4A3D-AC48-7977584C8EC0}.Debug|x86.ActiveCfg = Debug|Win32
		{F009A99C-1951-4A3D-AC48-7977584C8EC0}.Debug|x86.Build.0 = Debug|Win32
		{F009A99C-1951-4A3D-AC48-7977584C8EC0}.Release|x64.ActiveCfg = Release|x64
		{F009A99C-1951-4A3D-AC48-7977584C8EC0}.Release|x64.Build.0 = Release|x64
		{F009A99C-1951-4A3D-AC48-7977584C8EC0}.Release|x86.ActiveCfg = Release|Win32
		{F009A99C-1951-4A3D-AC48-7977584C8EC0}.Release|x86.Build.0 = Release|Win32
		{386387C9-7B19-42FF-90BC-F7806BAE4899}.Debug|x64.ActiveCfg = Debug|x64
		{386387C9-7B19-42FF-90BC-F7806BAE4899}.Debug|x64.Build.0 = Debug|x64
		{386387C9-7B19-42FF-90BC-F7806BAE4899}.Debug|x86.ActiveCfg = Debug|Win32
		{386387C9-7B19-42FF-90BC-F7806BAE4899}.Debug|x86.Build.0 = Debug|Win32
		{386387C9-7B19-42FF-90BC-F7806BAE4899}.Release|x64.ActiveCfg = Release|x64
		{386387C9-7B19-42FF-90BC-F7806BAE4899}.Release|x64.Build.0 = Release|x64
		{386387C9-7B19-42FF-90BC-F7806BAE4899}.Release|x86.ActiveCfg = Release|Win32
		{386387C9-7B19-42FF-90BC-F7806BAE4899}.Release|x86.Build.0 = Release|Win32
		{5718EF15-4CE8-45C1-B875-005A47760643}.Debug|x64.ActiveCfg = Debug|x64
		{5718EF15-4CE8-45C1-B875-005A47760643}.Debug|x64.Build.0 = Debug|x64
		{5718EF15-4CE8-45C1-B875-005A47760643}.Debug|x86.ActiveCfg = Debug|Win32
		{5718EF15-4CE8-45C1-B875-005A47760643}.Debug|x86.Build.0 = Debug|Win32
		{5718EF15-4CE8-45C1-B875-005A47760643}.Release|x64.ActiveCfg = Release|x64
		{5718EF15-4CE8-45C1-B875-005A47760643}.Release|x64.Build.0 = Release|x64
		{5718EF15-4CE8-45C1-B875-005A47760643}.Release|x86.ActiveCfg = Release|Win32
		{5718EF15-4CE8-45C1-B875-005A47760643}.Release|x86.Build.0 = Release|Win32
		{EA24A621-9E33-456E-A596-57723C0609CD}.Debug|x64.ActiveCfg = Debug|x64
		{EA24A621-9E33-456E-A596-57723C0609CD}.Debug|x64.Build.0 = Debug|x64
		{EA24A621-9E33-456E-A596-57723C0609CD}.Debug|x86.ActiveCfg = Debug|Win32
		{EA24A621-9E33-456E-A596-57723C0609CD}.Debug|x86.Build.0 = Debug|Win32
		{EA24A621-9E33-456E-A596-57723C0609CD}.Release|x64.ActiveCfg = Release|x64
		{EA24A621-9E33-456E-A596-57723C0609CD}.Release|x64.Build.0 = Release|x64
		{EA24A621-9E33-456E-A596-57723C0609CD}.Release|x86.ActiveCfg = Release|Win32
		{EA24A621-9E33-456E-A596-57723C0609CD}.Release|x86.Build.0 = Release|Win32
		{57667D83-4FC2-4220-9AC1-7160BF543F24}.Debug|x64.ActiveCfg = Debug|x64
		{57667D83-4FC2-4220-9AC1-7160BF543F24}.Debug|x64.Build.0 = Debug|x64
		{57667D83-4FC2-4220-9AC1-7160BF543F24}.Debug|x86.ActiveCfg = Debug|Win32
		{57667D83-4FC2-4220-9AC1-7160BF543F24}.Debug|x86.Build.0 = Debug|Win32
		{57667D83-4FC2-4220-9AC1-7160BF543F24}.Release|x64.ActiveCfg = Release|x64
		{57667D83-4FC2-4220-9AC1-7160BF543F24}.Release|x64.Build.0 = Release|x64
		{57667D83-4FC2-4220-9AC1-7160BF543F24}.Release|x86.ActiveCfg = Release|Win32
		{57667D83-4FC2-4220-9AC1-7160BF543F24}.Release|x86.Build.0 = Release|Win32
		{8ED73B30-8146-4471-BFF0-489D796CBD3B}.Debug|x64.ActiveCfg = Debug|x64
		{8ED73B30-8146-4471-BFF0-489D796CBD3B}.Debug|x64.Build.0 = Debug|x64
		{8ED73B30-8146-4471-BFF0-489D796CBD3B}.Debug|x86.ActiveCfg = Debug|Win32
		{8ED73B30-8146-4471-BFF0-489D796CBD3B}.Debug|x86.Build.0 = Debug|Win32
		{8ED73B30-8146-4471-BFF0-489D796CBD3B}.Release|x64.ActiveCfg = Release|x64
		{8ED73B30-8146-4471-BFF0-489D796CBD3B}.Release|x64.Build.0 = Release|x64
		{8ED73B30-8146-4471-BFF0-489D796CBD3B}.Release|x86.ActiveCfg = Release|Win32
		{8ED73B30-8146-4471-BFF0-489D796CBD3B}.Release|x86.Build.0 = Release|Win32
		{BEAF9F2D-66C1-490C-B134-1587DD2CABE9}.Debug|x64.ActiveCfg = Debug|x64
		{BEAF9F2D-66C1-490C-B134-1587DD2CABE9}.Debug|x64.Build.0 = Debug|x64
		{BEAF9F2D-66C1-490C-B134-1587DD2CABE9}.Debug|x86.ActiveCfg = Debug|Win32
		{BEAF9F2D-66C1-490C-B134-1587DD2CABE9}.Debug|x86.Build.0 = Debug|Win32
		{BEAF9F2D-66C1-490C-B134-1587DD2CABE9}.Release|x64.ActiveCfg = Release|x64
		{BEAF9F2D-66C1-490C-B134-1587DD2CABE9}.Release|x64.Build.0 = Release|x64
		{BEAF9F2D-66C1-490C-B134-1587DD2CABE9}.Release|x86.ActiveCfg = Release|Win32
		{BEAF9F2D-66C1-490C-B134-1587DD2CABE9}.Release|x86.Build.0 = Release|Win32
		{81A2FA85-FE77-4A66-B058-66BAE07CFE00}.Debug|x64.ActiveCfg = Debug|x64
		{81A2FA85-FE77-4A66-B058-66BAE07CFE00}.Debug|x64.Build.0 = Debug|x64
		{81A2FA85-FE77-4A66-B058-66BAE07CFE00}.Debug|x86.ActiveCfg = Debug|Win32
		{81A2FA85-FE77-4A66-B058-66BAE07CFE00}.Debug|x86.Build.0 = Debug|Win32
		{81A2FA85-FE77-4A66-B058-66BAE07CFE00}.Release|x64.ActiveCfg = Release|x64
		{81A2FA85-FE77-4A66-B058-66BAE07CFE00}.Release|x64.Build.0 = Release|x64
		{81A2FA85-FE77-4A66-B058-66BAE07CFE00}.Release|x86.ActiveCfg = Release|Win32
		{81A2FA85-FE77-4A66-B058-66BAE07CFE00}.Release|x86.Build.0 = Release|Win32
		{5B6DD446-071F-44F1-AF47-7FE5902DA398}.Debug|x64.ActiveCfg = Debug|x64
		{5B6DD446-071F-44F1-AF47-7FE5902DA398}.Debug|x64.Build.0 = Debug|x64
		{5B6DD446-071F-44F1-AF47-7FE5902DA398}.Debug|x86.ActiveCfg = Debug|Win32
		{5B6DD446-071F-44F1-AF47-7FE5902DA398}.Debug|x86.Build.0 = Debug|Win32
		{5B6DD446-071F-44F1-AF47-7FE5902DA398}.Release|x64.ActiveCfg = Release|x64
		{5B6DD446-071F-44F1-AF47-7FE5902DA398}.Release|x64.Build.0 = Release|x64
		{5B6DD446-071F-44F1-AF47-7FE5902DA398}.Release|x86.ActiveCfg = Release|Win32
		{5B6DD446-071F-44F1-AF47-7FE5902DA398}.Release|x86.Build.0 = Release|Win32
		{0F489D24-1BDA-42E3-9022-571A5FC91C1E}.Debug|x64.ActiveCfg = Debug|x64
		{0F489D24-1BDA-42E3-9022-571A5FC91C1E}.Debug|x64.Build.0 = Debug|x64
		{0F489D24-1BDA-42E3-9022-571A5FC91C1E}.Debug|x86.ActiveCfg = Debug|Win32
		{0F489D24-1BDA-42E3-9022-571A5FC91C1E}.Debug|x86.Build.0 = Debug|Win32
		{0F489D24-1BDA-42E3-9022-571A5FC91C1E}.Release|x64.ActiveCfg = Release|x64
		{0F489D24-1BDA-42E3-9022-571A5FC91C1E}.Release|x64.Build.0 = Release|x64
		{0F489D24-1BDA-42E3-9022-571A5FC91C1E}.Release|x86.ActiveCfg = Release|Win32
		{0F489D24-1BDA-42E3-9022-571A5FC91C1E}.Release|x86.Build.0 = Release|Win32
		{A18B51DD-DDC8-466F-B3E6-0E06607196CD}.Debug|x64.ActiveCfg = Debug|x64
		{A18B51DD-DDC8-466F-B3E6-0E06607196CD}.Debug|x64.Build.0 = Debug|x64
		{A18B51DD-DDC8-466F-B3E6-0E06607196CD}.Debug|x86.ActiveCfg = Debug|Win32
		{A18B51DD-DDC8-466F-B3E6-0E06607196CD}.Debug|x86.Build.0 = Debug|Win32
		{A18B51DD-DDC8-466F-B3E6-0E06607196CD}.Release|x64.ActiveCfg = Release|x64
		{A18B51DD-DDC8-466F-B3E6-0E06607196CD}.Release|x64.Build.0 = Release|x64
		{A18B51DD-DDC8-466F-B3E6-0E06607196CD}.Release|x86.ActiveCfg = Release|Win32
		{A18B51DD-DDC8-466F-B3E6-0E06607196CD}.Release|x86.Build.0 = Release|Win32
		{B4EE155E-F2FF-4DD7-95A0-DFA94E307C91}.Debug|x64.ActiveCfg = Debug|x64
		{B4EE155E-F2FF-4DD7-95A0-DFA94E307C91}.Debug|x64.Build.0 = Debug|x64
		{B4EE155E-F2FF-4DD7-95A0-DFA94E307C91}.Debug|x86.ActiveCfg = Debug|Win32
		{B4EE155E-F2FF-4DD7-95A0-DFA94E307C91}.Debug|x86.Build.0 = Debug|Win32
		{B4EE155E-F2FF-4DD7-95A0-DFA94E307C91}.Release|x64.ActiveCfg = Release|x64
		{B4EE155E-F2FF-4DD7-95A0-DFA94E307C91}.Release|x64.Build.0 = Release|x64
		{B4EE155E-F2FF-4DD7-95A0-DFA94E307C91}.Release|x86.ActiveCfg = Release|Win32
		{B4EE155E-F2FF-4DD7-95A0-DFA94E307C91}.Release|x86.Build.0 = Release|Win32
		{7B933A2D-F7FB-4584-B8A4-557C4298D2BC}.Debug|x64.ActiveCfg = Debug|x64
		{7B933A2D-F7FB-4584-B8A4-557C4298D2BC}.Debug|x64.Build.0 = Debug|x64
		{7B933A2D-F7FB-4584-B8A4-557C4298D2BC}.Debug|x86.ActiveCfg = Debug|Win32
		{7B933A2D-F7FB-4584-B8A4-557C4298D2BC}.Debug|x86.Build.0 = Debug|Win32
		{7B933A2D-F7FB-4584-B8A4-557C4298D2BC}.Release|x64.ActiveCfg = Release|x64
		{7B933A2D-F7FB-4584-B8A4-557C4298D2BC}.Release|x64.Build.0 = Release|x64
		{7B933A2D-F7FB-4584-B8A4-557C4298D2BC}.Release|x86.ActiveCfg = Release|Win32
		{7B933A2D-F7FB-4584-B8A4-557C4298D2BC}.Release|x86.Build.0 = Release|Win32
		{A2E29A5F-2BA5-496C-87F2-610DBC900F22}.Debug|x64.ActiveCfg = Debug|x64
		{A2E29A5F-2BA5-496C-87F2-610DBC900F22}.Debug|x64.Build.0 = Debug|x64
		{A2E29A5F-2BA5-496C-87F2-610DBC900F22}.Debug|x86.ActiveCfg = Debug|Win32
		{A2E29A5F-2BA5-496C-87F2-610DBC900F22}.Debug|x86.Build.0 = Debug|Win32
		{A2E29A5F-2BA5-496C-87F2-610DBC900F22}.Release|x64.ActiveCfg = Release|x64
		{A2E29A5F-2BA5-496C-87F2-610DBC900F22}.Release|x64.Build.0 = Release|x64
		{A2E29A5F-2BA5-496C-87F2-610DBC900F22}.Release|x86.ActiveCfg = Release|Win32
		{A2E29A5F-2BA5-496C-87F2-610DBC900F22}.Release|x86.Build.0 = Release|Win32
		{657C8191-CBD4-4FAD-BF83-E5AAEC58939D}.Debug|x64.ActiveCfg = Debug|x64
		{657C8191-CBD4-4FAD-BF83-E5AAEC58939D}.Debug|x64.Build.0 = Debug|x64
		{657C8191-CBD4-4FAD-BF83-E5AAEC58939D}.Debug|x86.ActiveCfg = Debug|Win32
		{657C8191-CBD4-4FAD-BF83-E5AAEC58939D}.Debug|x86.Build.0 = Debug|Win32
		{657C8191-CBD4-4FAD-BF83-E5AAEC58939D}.Release|x64.ActiveCfg = Release|x64
		{657C8191-CBD4-4FAD-BF83-E5AAEC58939D}.Release|x64.Build.0 = Release|x64
		{657C8191-CBD4-4FAD-BF83-E5AAEC58939D}.Release|x86.ActiveCfg = Release|Win32
		{657C8191-CBD4-4FAD-BF83-E5AAEC58939D}.Release|x86.Build.0 = Release|Win32
		{4409A30A-305C-47C5-AEB7-E8BFA32F168E}.Debug|x64.ActiveCfg = Debug|x64
		{4409A30A-305C-47C5-AEB7-E8BFA32F168E}.Debug|x64.Build.0 = Debug|x64
		{4409A30A-305C-47C5-AEB7-E8BFA32F168E}.Debug|x86.ActiveCfg = Debug|Win32
		{4409A30A-305C-47C5-AEB7-E8BFA32F168E}.Debug|x86.Build.0 = Debug|Win32
		{4409A30A-305C-47C5-AEB7-E8BFA32F168E}.Release|x64.ActiveCfg = Release|x64
		{4409A30A-305C-47C5-AEB7-E8BFA32F168E}.Release|x64.Build.0 = Release|x64
		{4409A30A-305C-47C5-AEB7-E8BFA32F168E}.Release|x86.ActiveCfg = Release|Win32
		{4409A30A-305C-47C5-AEB7-E8BFA32F168E}.Release|x86.Build.0 = Release|Win32
		{3A55BF45-48AD-4C33-9021-DB369BD23F16}.Debug|x64.ActiveCfg = Debug|x64
		{3A55BF45-48AD-4C33-9021-DB369BD23F16}.Debug|x64.Build.0 = Debug|x64
		{3A55BF45-48AD-4C33-9021-DB369BD23F16}.Debug|x86.ActiveCfg = Debug|Win32
		{3A55BF45-48AD-4C33-9021-DB369BD23F16}.Debug|x86.Build.0 = Debug|Win32
		{3A55BF45-48AD-4C33-9021-DB369BD23F16}.Release|x64.ActiveCfg = Release|x64
		{3A55BF45-48AD-4C33-9021-DB369BD23F16}.Release|x64.Build.0 = Release|x64
		{3A55BF45-48AD-4C33-9021-DB369BD23F16}.Release|x86.ActiveCfg = Release|Win32
		{3A55BF45-48AD-4C33-9021-DB369BD23F16}.Release|x86.Build.0 = Release|Win32
		{E8A5E785-5472-4B1E-A9D5-8820CE084DFE}.Debug|x64.ActiveCfg = Debug|x64
		{E8A5E785-5472-4B1E-A9D5-8820CE084DFE}.Debug|x64.Build.0 = Debug|x64
		{E8A5E785-5472-4B1E-A9D5-8820CE084DFE}.Debug|x86.ActiveCfg = Debug|Win32
		{E8A5E785-5472-4B1E-A9D5-8820CE084DFE}.Debug|x86.Build.0 = Debug|Win32
		{E8A5E785-5472-4B1E-A9D5-8820CE084DFE}.Release|x64.ActiveCfg = Release|x64
		{E8A5E785-5472-4B1E-A9D5-8820CE084DFE}.Release|x64.Build.0 = Release|x64
		{E8A5E785-5472-4B1E-A9D5-8820CE084DFE}.Release|x86.ActiveCfg = Release|Win32
		{E8A5E785-5472-4B1E-A9D5-8820CE084DFE}.Release|x86.Build.0 = Release|Win32
		{1C43C088-773F-47F9-B88B-3DB28E10D993}.Debug|x64.ActiveCfg = Debug|x64
		{1C43C088-773F-47F9-B88B-3DB28E10D993}.Debug|x64.Build.0 = Debug|x64
		{1C43C088-773F-47F9-B88B-3DB28E10D993}.Debug|x86.ActiveCfg = Debug|Win32
		{1C43C088-773F-47F9-B88B-3DB28E10D993}.Debug|x86.Build.0 = Debug|Win32
		{1C43C088-773F-47F9-B88B-3DB28E10D993}.Release|x64.ActiveCfg = Release|x64
		{1C43C088-773F-47F9-B88B-3DB28E10D993}.Release|x64.Build.0 = Release|x64
		{1C43C088-773F-47F9-B88B-3DB28E10D993}.Release|x86.ActiveCfg = Release|Win32
		{1C43C088-773F-47F9-B88B-3DB28E10D993}.Release|x86.Build.0 = Release|Win32
		{1D4ACA52-861B-42B6-848B-CF1682E123E9}.Debug|x64.ActiveCfg = Debug|x64
		{1D4ACA52-861B-42B6-848B-CF1682E123E9}.Debug|x64.Build.0 = Debug|x64
		{1D4ACA52-861B-42B6-848B-CF1682E123E9}.Debug|x86.ActiveCfg = Debug|Win32
		{1D4ACA52-861B-42B6-848B-CF1682E123E9}.Debug|x86.Build.0 = Debug|Win32
		{1D4ACA52-861B-42B6-848B-CF1682E123E9}.Release|x64.ActiveCfg = Release|x64
		{1D4ACA52-861B-42B6-848B-CF1682E123E9}.Release|x64.Build.0 = Release|x64
		{1D4ACA52-861B-42B6-848B-CF1682E123E9}.Release|x86.ActiveCfg = Release|Win32
		{1D4ACA52-861B-42B6-848B-CF1682E123E9}.Release|x86.Build.0 = Release|Win32
		{C6B65E47-34DC-44AB-9FDE-09894D59313D}.Debug|x64.ActiveCfg = Debug|x64
		{C6B65E47-34DC-44AB-9FDE-09894D59313D}.Debug|x64.Build.0 = Debug|x64
		{C6B65E47-34DC-44AB-9FDE-09894D59313D}.Debug|x86.ActiveCfg = Debug|Win32
		{C6B65E47-34DC-44AB-9FDE-09894D59313D}.Debug|x86.Build.0 = Debug|Win32
		{C6B65E47-34DC-44AB-9FDE-09894D59313D}.Release|x64.ActiveCfg = Release|x64
		{C6B65E47-34DC-44AB-9FDE-09894D59313D}.Release|x64.Build.0 = Release|x64
		{C6B65E47-34DC-44AB-9FDE-09894D59313D}.Release|x86.ActiveCfg = Release|Win32
		{C6B65E47-34DC-44AB-9FDE-09894D59313D}.Release|x86.Build.0 = Release|Win32
		{DE1C82E8-5603-4A07-BC7D-CC0A02074219}.Debug|x64.ActiveCfg = Debug|x64
		{DE1C82E8-5603-4A07-BC7D-CC0A02074219}.Debug|x64.Build.0 = Debug|x64
		{DE1C82E8-5603-4A07-BC7D-CC0A02074219}.Debug|x86.ActiveCfg = Debug|Win32
		{DE1C82E8-5603-4A07-BC7D-CC0A02074219}.Debug|x86.Build.0 = Debug|Win32
		{DE1C82E8-5603-4A07-BC7D-CC0A02074219}.Release|x64.ActiveCfg = Release|x64
		{DE1C82E8-5603-4A07-BC7D-CC0A02074219}.Release|x64.Build.0 = Release|x64
		{DE1C82E8-5603-4A07-BC7D-CC0A02074219}.Release|x86.ActiveCfg = Release|Win32
		{DE1C82E8-5603-4A07-BC7D-CC0A02074219}.Release|x86.Build.0 = Release|Win32
		{D9B26492-ACDF-4FD4-9CC6-DE267594FDDC}.Debug|x64.ActiveCfg = Debug|x64
		{D9B26492-ACDF-4FD4-9CC6-DE267594FDDC}.Debug|x64.Build.0 = Debug|x64
		{D9B26492-ACDF-4FD4-9CC6-DE267594FDDC}.Debug|x86.ActiveCfg = Debug|Win32
		{D9B26492-ACDF-4FD4-9CC6-DE267594FDDC}.Debug|x86.Build.0 = Debug|Win32
		{D9B26492-ACDF-4FD4-9CC6-DE267594FDDC}.Release|x64.ActiveCfg = Release|x64
		{D9B26492-ACDF-4FD4-9CC6-DE267594FDDC}.Release|x64.Build.0 = Release|x64
		{D9B26492-ACDF-4FD4-9CC6-DE267594FDDC}.Release|x86.ActiveCfg = Release|Win32
		{D9B26492-ACDF-4FD4-9CC6-DE267594FDDC}.Release|x86.Build.0 = Release|Win32
		{659C622E-6953-4768-BA14-70731648D0DD}.Debug|x64.ActiveCfg = Debug|x64
		{659C622E-6953-4768-BA14-70731648D0DD}.Debug|x64.Build.0 = Debug|x64
		{659C622E-6953-4768-BA14-70731648D0DD}.Debug|x86.ActiveCfg = Debug|Win32
		{659C622E-6953-4768-BA14-70731648D0DD}.Debug|x86.Build.0 = Debug|Win32
		{659C622E-6953-4768-BA14-70731648D0DD}.Release|x64.ActiveCfg = Release|x64
		{659C622E-6953-4768-BA14-70731648D0DD}.Release|x64.Build.0 = Release|x64
		{659C622E-6953-4768-BA14-70731648D0DD}.Release|x86.ActiveCfg = Release|Win32
		{659C622E-6953-4768-BA14-70731648D0DD}.Release|x86.Build.0 = Release|Win32
		{46B84812-215E-4CFD-95CC-634B5BA8B873}.Debug|x64.ActiveCfg = Debug|x64
		{46B84812-215E-4CFD-95CC-634B5BA8B873}.Debug|x64.Build.0 = Debug|x64
		{46B84812-215E-4CFD-95CC-634B5BA8B873}.Debug|x86.ActiveCfg = Debug|Win32
		{46B84812-215E-4CFD-95CC-634B5BA8B873}.Debug|x86.Build.0 = Debug|Win32
		{46B84812-215E-4CFD-95CC-634B5BA8B873}.Release|x64.ActiveCfg = Release|x64
		{46B84812-215E-4CFD-95CC-634B5BA8B873}.Release|x64.Build.0 = Release|x64
		{46B84812-215E-4CFD-95CC-634B5BA8B873}.Release|x86.ActiveCfg = Release|Win32
		{46B84812-215E-4CFD-95CC-634B5BA8B873}.Release|x86.Build.0 = Release|Win32
		{941F7A24-AEE2-419A-B0DF-A2B791CD97A4}.Debug|x64.ActiveCfg = Debug|x64
		{941F7A24-AEE2-419A-B0DF-A2B791CD97A4}.Debug|x64.Build.0 = Debug|x64
		{941F7A24-AEE2-419A-B0DF-A2B791CD97A4}.Debug|x86.ActiveCfg = Debug|Win32
		{941F7A24-AEE2-419A-B0DF-A2B791CD97A4}.Debug|x86.Build.0 = Debug|Win32
		{941F7A24-AEE2-419A-B0DF-A2B791CD97A4}.Release|x64.ActiveCfg = Release|x64
		{941F7A24-AEE2-419A-B0DF-A2B791CD97A4}.Release|x64.Build.0 = Release|x64
		{941F7A24-AEE2-419A-B0DF-A2B791CD97A4}.Release|x86.ActiveCfg = Release|Win32
		{941F7A24-AEE2-419A-B0DF-A2B791CD97A4}.Release|x86.Build.0 = Release|Win32
		{10CA73E3-671D-4C80-AB83-4D3311FFD49E}.Debug|x64.ActiveCfg = Debug|x64
		{10CA73E3-671D-4C80-AB83-4D3311FFD49E}.Debug|x64.Build.0 = Debug|x64
		{10CA73E3-671D-4C80-AB83-4D3311FFD49E}.Debug|x86.ActiveCfg = Debug|Win32
		{10CA73E3-671D-4C80-AB83-4D3311FFD49E}.Debug|x86.Build.0 = Debug|Win32
		{10CA73E3-671D-4C80-AB83-4D3311FFD49E}.Release|x64.ActiveCfg = Release|x64
		{10CA73E3-671D-4C80-AB83-4D3311FFD49E}.Release|x64.Build.0 = Release|x64
		{10CA73E3-671D-4C80-AB83-4D3311FFD49E}.Release|x86.ActiveCfg = Release|Win32
		{10CA73E3-671D-4C80-AB83-4D3311FFD49E}.Release|x86.Build.0 = Release|Win32
		{D0F0FAD6-15C6-49E9-8EBF-6C9E3DE35C54}.Debug|x64.ActiveCfg = Debug|x64
		{D0F0FAD6-15C6-49E9-8EBF-6C9E3DE35C54}.Debug|x64.Build.0 = Debug|x64
		{D0F0FAD6-15C6-49E9-8EBF-6C9E3DE35C54}.Debug|x86.ActiveCfg = Debug|Win32
		{D0F0FAD6-15C6-49E9-8EBF-6C9E3DE35C54}.Debug|x86.Build.0 = Debug|Win32
		{D0F0FAD6-15C6-49E9-8EBF-6C9E3DE35C54}.Release|x64.ActiveCfg = Release|x64
		{D0F0FAD6-15C6-49E9-8EBF-6C9E3DE35C54}.Release|x64.Build.0 = Release|x64
		{D0F0FAD6-15C6-49E9-8EBF-6C9E3DE35C54}.Release|x86.ActiveCfg = Release|Win32
		{D0F0FAD6-15C6-49E9-8EBF-6C9E3DE35C54}.Release|x86.Build.0 = Release|Win32
		{1AD73B11-E6EA-4C37-AB30-DA02765355F6}.Debug|x64.ActiveCfg = Debug|x64
		{1AD73B11-E6EA-4C37-AB30-DA02765355F6}.Debug|x64.Build.0 = Debug|x64
		{1AD73B11-E6EA-4C37-AB30-DA02765355F6}.Debug|x86.ActiveCfg = Debug|Win32
		{1AD73B11-E6EA-4C37-AB30-DA02765355F6}.Debug|x86.Build.0 = Debug|Win32
		{1AD73B11-E6EA-4C37-AB30-DA02765355F6}.Release|x64.ActiveCfg = Release|x64
		{1AD73B11-E6EA-4C37-AB30-DA02765355F6}.Release|x64.Build.0 = Release|x64
		{1AD73B11-E6EA-4C37-AB30-DA02765355F6}.Release|x86.ActiveCfg = Release|Win32
		{1AD73B11-E6EA-4C37-AB30-DA02765355F6}.Release|x86.Build.0 = Release|Win32
		{20E143EC-355D-4451-9372-8CFECF001481}.Debug|x64.ActiveCfg = Debug|x64
		{20E143EC-355D-4451-9372-8CFECF001481}.Debug|x64.Build.0 = Debug|x64
		{20E143EC-355D-4451-9372-8CFECF001481}.Debug|x86.ActiveCfg = Debug|Win32
		{20E143EC-355D-4451-9372-8CFECF001481}.Debug|x86.Build.0 = Debug|Win32
		{20E143EC-355D-4451-9372-8CFECF001481}.Release|x64.ActiveCfg = Release|x64
		{20E143EC-355D-4451-9372-8CFECF001481}.Release|x64.Build.0 = Release|x64
		{20E143EC-355D-4451-9372-8CFECF001481}.Release|x86.ActiveCfg = Release|Win32
		{20E143EC-355D-4451-9372-8CFECF001481}.Release|x86.Build.0 = Release|Win32
		{9AF6A817-EA02-46B9-A30B-C08E3B2679F9}.Debug|x64.ActiveCfg = Debug|x64
		{9AF6A817-EA02-46B9-A30B-C08E3B2679F9}.Debug|x64.Build.0 = Debug|x64
		{9AF6A817-EA02-46B9-A30B-C08E3B2679F9}.Debug|x86.ActiveCfg = Debug|Win32
		{9AF6A817-EA02-46B9-A30B-C08E3B2679F9}.Debug|x86.Build.0 = Debug|Win32
		{9AF6A817-EA02-46B9-A30B-C08E3B2679F9}.Release|x64.ActiveCfg = Release|x64
		{9AF6A817-EA02-46B9-A30B-C08E3B2679F9}.Release|x64.Build.0 = Release|x64
		{9AF6A817-EA02-46B9-A30B-C08E3B2679F9}.Release|x86.ActiveCfg = Release|Win32
		{9AF6A817-EA02-46B9-A30B-C08E3B2679F9}.Release|x86.Build.0 = Release|Win32
		{7C99CB96-44C5-4851-BF3B-2971AF7118FD}.Debug|x64.ActiveCfg = Debug|x64
		{7C99CB96-44C5-4851-BF3B-2971AF7118FD}.Debug|x64.Build.0 = Debug|x64
		{7C99CB96-44C5-4851-BF3B-2971AF7118FD}.Debug|x86.ActiveCfg = Debug|Win32
		{7C99CB96-44C5-4851-BF3B-2971AF7118FD}.Debug|x86.Build.0 = Debug|Win32
		{7C99CB96-44C5-4851-BF3B-2971AF7118FD}.Release|x64.ActiveCfg = Release|x64
		{7C99CB96-44C5-4851-BF3B-2971AF7118FD}.Release|x64.Build.0 = Release|x64
		{7C99CB96-44C5-4851-BF3B-2971AF7118FD}.Release|x86.ActiveCfg = Release|Win32
		{7C99CB96-44C5-4851-BF3B-2971AF7118FD}.Release|x86.Build.0 = Release|Win32
		{AA585D0C-E3BC-4D59-BA94-39D5921CEFC3}.Debug|x64.ActiveCfg = Debug|x64
		{AA585D0C-E3BC-4D59-BA94-39D5921CEFC3}.Debug|x64.Build.0 = Debug|x64
		{AA585D0C-E3BC-4D59-BA94-39D5921CEFC3}.Debug|x86.ActiveCfg = Debug|Win32
		{AA585D0C-E3BC-4D59-BA94-39D5921CEFC3}.Debug|x86.Build.0 = Debug|Win32
		{AA585D0C-E3BC-4D59-BA94-39D5921CEFC3}.Release|x64.ActiveCfg = Release|x64
		{AA585D0C-E3BC-4D59-BA94-39D5921CEFC3}.Release|x64.Build.0 = Release|x64
		{AA585D0C-E3BC-4D59-BA94-39D5921CEFC3}.Release|x86.ActiveCfg = Release|Win32
		{AA585D0C-E3BC-4D59-BA94-39D5921CEFC3}.Release|x86.Build.0 = Release|Win32
		{84313DC8-6AF3-4943-806E-622221BA206C}.Debug|x64.ActiveCfg = Debug|x64
		{84313DC8-6AF3-4943-806E-622221BA206C}.Debug|x64.Build.0 = Debug|x64
		{84313DC8-6AF3-4943-806E-622221BA206C}.Debug|x86.ActiveCfg = Debug|Win32
		{84313DC8-6AF3-4943-806E-622221BA206C}.Debug|x86.Build.0 = Debug|Win32
		{84313DC8-6AF3-4943-806E-622221BA206C}.Release|x64.ActiveCfg = Release|x64
		{84313DC8-6AF3-4943-806E-622221BA206C}.Release|x64.Build.0 = Release|x64
		{84313DC8-6AF3-4943-806E-622221BA206C}.Release|x86.ActiveCfg = Release|Win32
		{84313DC8-6AF3-4943-806E-622221BA206C}.Release|x86.Build.0 = Release|Win32
		{002F2040-D6EE-450B-88FA-159D85F0CFB6}.Debug|x64.ActiveCfg = Debug|x64
		{002F2040-D6EE-450B-88FA-159D85F0CFB6}.Debug|x64.Build.0 = Debug|x64
		{002F2040-D6EE-450B-88FA-159D85F0CFB6}.Debug|x86.ActiveCfg = Debug|Win32
		{002F2040-D6EE-450B-88FA-159D85F0CFB6}.Debug|x86.Build.0 = Debug|Win32
		{002F2040-D6EE-450B-88FA-159D85F0CFB6}.Release|x64.ActiveCfg = Release|x64
		{002F2040-D6EE-450B-88FA-159D85F0CFB6}.Release|x64.Build.0 = Release|x64
		{002F2040-D6EE-450B-88FA-159D85F0CFB6}.Release|x86.ActiveCfg = Release|Win32
		{002F2040-D6EE-450B-88FA-159D85F0CFB6}.Release|x86.Build.0 = Release|Win32
		{5069B04A-1019-462B-8364-CACDC04353E4}.Debug|x64.ActiveCfg = Debug|x64
		{5069B04A-1019-462B-8364-CACDC04353E4}.Debug|x64.Build.0 = Debug|x64
		{5069B04A-1019-462B-8364-CACDC04353E4}.Debug|x86.ActiveCfg = Debug|Win32
		{5069B04A-1019-462B-8364-CACDC04353E4}.Debug|x86.Build.0 = Debug|Win32
		{5069B04A-1019-462B-8364-CACDC04353E4}.Release|x64.ActiveCfg = Release|x64
		{5069B04A-1019-462B-8364-CACDC04353E4}.Release|x64.Build.0 = Release|x64
		{5069B04A-1019-462B-8364-CACDC04353E4}.Release|x86.ActiveCfg = Release|Win32
		{5069B04A-1019-462B-8364-CACDC04353E4}.Release|x86.Build.0 = Release|Win32
		{CDCD4BE5-2753-4DCB-B360-772CA43CDFA2}.Debug|x64.ActiveCfg = Debug|x64
		{CDCD4BE5-2753-4DCB-B360-772CA43CDFA2}.Debug|x64.Build.0 = Debug|x64
		{CDCD4BE5-2753-4DCB-B360-772CA43CDFA2}.Debug|x86.ActiveCfg = Debug|Win32
		{CDCD4BE5-2753-4DCB-B360-772CA43CDFA2}.Debug|x86.Build.0 = Debug|Win32
		{CDCD4BE5-2753-4DCB-B360-772CA43CDFA2}.Release|x64.ActiveCfg = Release|x64
		{CDCD4BE5-2753-4DCB-B360-772CA43CDFA2}.Release|x64.Build.0 = Release|x64
		{CDCD4BE5-2753-4DCB-B360-772CA43CDFA2}.Release|x86.ActiveCfg = Release|Win32
		{CDCD4BE5-2753-4DCB-B360-772CA43CDFA2}.Release|x86.Build.0 = Release|Win32
		{296773D2-257E-47BB-818D-576D0C03D1FE}.Debug|x64.ActiveCfg = Debug|x64
		{296773D2-257E-47BB-818D-576D0C03D1FE}.Debug|x64.Build.0 = Debug|x64
		{296773D2-257E-47BB-818D-576D0C03D1FE}.Debug|x86.ActiveCfg = Debug|Win32
		{296773D2-257E-47BB-818D-576D0C03D1FE}.Debug|x86.Build.0 = Debug|Win32
		{296773D2-257E-47BB-818D-576D0C03D1FE}.Release|x64.ActiveCfg = Release|x64
		{296773D2-257E-47BB-818D-576D0C03D1FE}.Release|x64.Build.0 = Release|x64
		{296773D2-257E-47BB-818D-576D0C03D1FE}.Release|x86.ActiveCfg = Release|Win32
		{296773D2-257E-47BB-818D-576D0C03D1FE}.Release|x86.Build.0 = Release|Win32
		{BED60155-CE31-4538-93A5-4A8EB1E4501D}.Debug|x64.ActiveCfg = Debug|x64
		{BED60155-CE31-4538-93A5-4A8EB1E4501D}.Debug|x64.Build.0 = Debug|x64
		{BED60155-CE31-4538-93A5-4A8EB1E4501D}.Debug|x86.ActiveCfg = Debug|Win32
		{BED60155-CE31-4538-93A5-4A8EB1E4501D}.Debug|x86.Build.0 = Debug|Win32
		{BED60155-CE31-4538-93A5-4A8EB1E4501D}.Release|x64.ActiveCfg = Release|x64
		{BED60155-CE31-4538-93A5-4A8EB1E4501D}.Release|x64.Build.0 = Release|x64
		{BED60155-CE31-4538-93A5-4A8EB1E4501D}.Release|x86.ActiveCfg = Release|Win32
		{BED60155-CE31-4538-93A5-4A8EB1E4501D}.Release|x86.Build.0 = Release|Win32
		{02748B1B-0BC1-4A58-9830-68D575F1539D}.Debug|x64.ActiveCfg = Debug|x64
		{02748B1B-0BC1-4A58-9830-68D575F1539D}.Debug|x64.Build.0 = Debug|x64
		{02748B1B-0BC1-4A58-9830-68D575F1539D}.Debug|x86.ActiveCfg = Debug|Win32
		{02748B1B-0BC1-4A58-9830-68D575F1539D}.Debug|x86.Build.0 = Debug|Win32
		{02748B1B-0BC1-4A58-9830-68D575F1539D}.Release|x64.ActiveCfg = Release|x64
		{02748B1B-0BC1-4A58-9830-68D575F1539D}.Release|x64.Build.0 = Release|x64
		{02748B1B-0BC1-4A58-9830-68D575F1539D}.Release|x86.ActiveCfg = Release|Win32
		{02748B1B-0BC1-4A58-9830-68D575F1539D}.Release|x86.Build.0 = Release|Win32
		{88DE3CED-E903-4BD3-AB19-1159C7495D94}.Debug|x64.ActiveCfg = Debug|x64
		{88DE3CED-E903-4BD3-AB19-1159C7495D94}.Debug|x64.Build.0 = Debug|x64
		{88DE3CED-E903-4BD3-AB19-1159C7495D94}.Debug|x86.ActiveCfg = Debug|Win32
		{88DE3CED-E903-4BD3-AB19-1159C7495D94}.Debug|x86.Build.0 = Debug|Win32
		{88DE3CED-E903-4BD3-AB19-1159C7495D94}.Release|x64.ActiveCfg = Release|x64
		{88DE3CED-E903-4BD3-AB19-1159C7495D94}.Release|x64.Build.0 = Release|x64
		{88DE3CED-E903-4BD3-AB19-1159C7495D94}.Release|x86.ActiveCfg = Release|Win32
		{88DE3CED-E903-4BD3-AB19-1159C7495D94}.Release|x86.Build.0 = Release|Win32
		{5D28C8EF-5267-4BAD-900F-0DFF751ADD60}.Debug|x64.ActiveCfg = Debug|x64
		{5D28C8EF-5267-4BAD-900F-0DFF751ADD60}.Debug|x64.Build.0 = Debug|x64
		{5D28C8EF-5267-4BAD-900F-0DFF751ADD60}.Debug|x86.ActiveCfg = Debug|Win32
		{5D28C8EF-5267-4BAD-900F-0DFF751ADD60}.Debug|x86.Build.0 = Debug|Win32
		{5D28C8EF-5267-4BAD-900F-0DFF751ADD60}.Release|x64.ActiveCfg = Release|x64
		{5D28C8EF-5267-4BAD-900F-0DFF751ADD60}.Release|x64.Build.0 = Release|x64
		{5D28C8EF-5267-4BAD-900F-0DFF751ADD60}.Release|x86.ActiveCfg = Release|Win32
		{5D28C8EF-5267-4BAD-900F-0DFF751ADD60}.Release|x86.Build.0 = Release|Win32
		{40A73DA4-E337-44ED-8BCA-3E85E64B1292}.Debug|x64.ActiveCfg = Debug|x64
		{40A73DA4-E337-44ED-8BCA-3E85E64B1292}.Debug|x64.Build.0 = Debug|x64
		{40A73DA4-E337-44ED-8BCA-3E85E64B1292}.Debug|x86.ActiveCfg = Debug|Win32
		{40A73DA4-E337-44ED-8BCA-3E85E64B1292}.Debug|x86.Build.0 = Debug|Win32
		{40A73DA4-E337-44ED-8BCA-3E85E64B1292}.Release|x64.ActiveCfg = Release|x64
		{40A73DA4-E337-44ED-8BCA-3E85E64B1292}.Release|x64.Build.0 = Release|x64
		{40A73DA4-E337-44ED-8BCA-3E85E64B1292}.Release|x86.ActiveCfg = Release|Win32
		{40A73DA4-E337-44ED-8BCA-3E85E64B1292}.Release|x86.Build.0 = Release|Win32
		{3D5F6844-B033-4F68-9246-5883FD18C8AF}.Debug|x64.ActiveCfg = Debug|x64
		{3D5F6844-B033-4F68-9246-5883FD18C8AF}.Debug|x64.Build.0 = Debug|x64
		{3D5F6844-B033-4F68-9246-5883FD18C8AF}.Debug|x86.ActiveCfg = Debug|Win32
		{3D5F6844-B033-4F68-9246-5883FD18C8AF}.Debug|x86.Build.0 = Debug|Win32
		{3D5F6844-B033-4F68-9246-5883FD18C8AF}.Release|x64.ActiveCfg = Release|x64
		{3D5F6844-B033-4F68-9246-5883FD18C8AF}.Release|x64.Build.0 = Release|x64
		{3D5F6844-B033-4F68-9246-5883FD18C8AF}.Release|x86.ActiveCfg = Release|Win32
		{3D5F6844-B033-4F68-9246-5883FD18C8AF}.Release|x86.Build.0 = Release|Win32
		{D17C6B76-5CE6-45F6-9733-D43AAEAA2D63}.Debug|x64.ActiveCfg = Debug|x64
		{D17C6B76-5CE6-45F6-9733-D43AAEAA2D63}.Debug|x64.Build.0 = Debug|x64
		{D17C6B76-5CE6-45F6-9733-D43AAEAA2D63}.Debug|x86.ActiveCfg = Debug|Win32
		{D17C6B76-5CE6-45F6-9733-D43AAEAA2D63}.Debug|x86.Build.0 = Debug|Win32
		{D17C6B76-5CE6-45F6-9733-D43AAEAA2D63}.Release|x64.ActiveCfg = Release|x64
		{D17C6B76-5CE6-45F6-9733-D43AAEAA2D63}.Release|x64.Build.0 = Release|x64
		{D17C6B76-5CE6-45F6-9733-D43AAEAA2D63}.Release|x86.ActiveCfg = Release|Win32
		{D17C6B76-5CE6-45F6-9733-D43AAEAA2D63}.Release|x86.Build.0 = Release|Win32
		{DD894469-587C-4DA7-A9F6-DFD69C656978}.Debug|x64.ActiveCfg = Debug|x64
		{DD894469-587C-4DA7-A9F6-DFD69C656978}.Debug|x64.Build.0 = Debug|x64
		{DD894469-587C-4DA7-A9F6-DFD69C656978}.Debug|x86.ActiveCfg = Debug|Win32
		{DD894469-587C-4DA7-A9F6-DFD69C656978}.Debug|x86.Build.0 = Debug|Win32
		{DD894469-587C-4DA7-A9F6-DFD69C656978}.Release|x64.ActiveCfg = Release|x64
		{DD894469-587C-4DA7-A9F6-DFD69C656978}.Release|x64.Build.0 = Release|x64
		{DD894469-587C-4DA7-A9F6-DFD69C656978}.Release|x86.ActiveCfg = Release|Win32
		{DD894469-587C-4DA7-A9F6-DFD69C656978}.Release|x86.Build.0 = Release|Win32
		{0ACE1BF7-0B19-464A-9DF0-7A6F45E40A33}.Debug|x64.ActiveCfg = Debug|x64
		{0ACE1BF7-0B19-464A-9DF0-7A6F45E40A33}.Debug|x64.Build.0 = Debug|x64
		{0ACE1BF7-0B19-464A-9DF0-7A6F45E40A33}.Debug|x86.ActiveCfg = Debug|Win32
		{0ACE1BF7-0B19-464A-9DF0-7A6F45E40A33}.Debug|x86.Build.0 = Debug|Win32
		{0ACE1BF7-0B19-464A-9DF0-7A6F45E40A33}.Release|x64.ActiveCfg = Release|x64
		{0ACE1BF7-0B19-464A-9DF0-7A6F45E40A33}.Release|x64.Build.0 = Release|x64
		{0ACE1BF7-0B19-464A-9DF0-7A6F45E40A33}.Release|x86.ActiveCfg = Release|Win32
		{0ACE1BF7-0B19-464A-9DF0-7A6F45E40A33}.Release|x86.Build.0 = Release|Win32
		{AEC7B386-CBBF-4C9F-AD07-22FE0C41DADB}.Debug|x64.ActiveCfg = Debug|x64
		{AEC7B386-CBBF-4C9F-AD07-22FE0C41DADB}.Debug|x64.Build.0 = Debug|x64
		{AEC7B386-CBBF-4C9F-AD07-22FE0C41DADB}.Debug|x86.ActiveCfg = Debug|Win32
		{AEC7B386-CBBF-4C9F-AD07-22FE0C41DADB}.Debug|x86.Build.0 = Debug|Win32
		{AEC7B386-CBBF-4C9F-AD07-22FE0C41DADB}.Release|x64.ActiveCfg = Release|x64
		{AEC7B386-CBBF-4C9F-AD07-22FE0C41DADB}.Release|x64.Build.0 = Release|x64
		{AEC7B386-CBBF-4C9F-AD07-22FE0C41DADB}.Release|x86.ActiveCfg = Release|Win32
		{AEC7B386-CBBF-4C9F-AD07-22FE0C41DADB}.Release|x86.Build.0 = Release|Win32
		{6752AF68-BFA1-4243-AD4C-50134A1D4534}.Debug|x64.ActiveCfg = Debug|x64
		{6752AF68-BFA1-4243-AD4C-50134A1D4534}.Debug|x64.Build.0 = Debug|x64
		{6752AF68-BFA1-4243-AD4C-50134A1D4534}.Debug|x86.ActiveCfg = Debug|Win32
		{6752AF68-BFA1-4243-AD4C-50134A1D4534}.Debug|x86.Build.0 = Debug|Win32
		{6752AF68-BFA1-4243-AD4C-50134A1D4534}.Release|x64.ActiveCfg = Release|x64
		{6752AF68-BFA1-4243-AD4C-50134A1D4534}.Release|x64.Build.0 = Release|x64
		{6752AF68-BFA1-4243-AD4C-50134A1D4534}.Release|x86.ActiveCfg = Release|Win32
		{6752AF68-BFA1-4243-AD4C-50134A1D4534}.Release|x86.Build.0 = Release|Win32
		{B9761625-0D8A-4DCB-AC7A-26CB646592E3}.Debug|x64.ActiveCfg = Debug|x64
		{B9761625-0D8A-4DCB-AC7A-26CB646592E3}.Debug|x64.Build.0 = Debug|x64
		{B9761625-0D8A-4DCB-AC7A-26CB646592E3}.Debug|x86.ActiveCfg = Debug|Win32
		{B9761625-0D8A-4DCB-AC7A-26CB646592E3}.Debug|x86.Build.0 = Debug|Win32
		{B9761625-0D8A-4DCB-AC7A-26CB646592E3}.Release|x64.ActiveCfg = Release|x64
		{B9761625-0D8A-4DCB-AC7A-26CB646592E3}.Release|x64.Build.0 = Release|x64
		{B9761625-0D8A-4DCB-AC7A-26CB646592E3}.Release|x86.ActiveCfg = Release|Win32
		{B9761625-0D8A-4DCB-AC7A-26CB646592E3}.Release|x86.Build.0 = Release|Win32
		{D0E5F79E-3B7C-4C40-AC8A-A312B27F6CBA}.Debug|x64.ActiveCfg = Debug|x64
		{D0E5F79E-3B7C-4C40-AC8A-A312B27F6CBA}.Debug|x64.Build.0 = Debug|x64
		{D0E5F79E-3B7C-4C40-AC8A-A312B27F6CBA}.Debug|x86.ActiveCfg = Debug|Win32
		{D0E5F79E-3B7C-4C40-AC8A-A312B27F6CBA}.Debug|x86.Build.0 = Debug|Win32
		{D0E5F79E-3B7C-4C40-AC8A-A312B27F6CBA}.Release|x64.ActiveCfg = Release|x64
		{D0E5F79E-3B7C-4C40-AC8A-A312B27F6CBA}.Release|x64.Build.0 = Release|x64
		{D0E5F79E-3B7C-4C40-AC8A-A312B27F6CBA}.Release|x86.ActiveCfg = Release|Win32
		{D0E5F79E-3B7C-4C40-AC8A-A312B27F6CBA}.Release|x86.Build.0 = Release|Win32
		{66912F73-30B6-41E3-A530-BCE326147C54}.Debug|x64.ActiveCfg = Debug|x64
		{66912F73-30B6-41E3-A530-BCE326147C54}.Debug|x64.Build.0 = Debug|x64
		{66912F73-30B6-41E3-A530-BCE326147C54}.Debug|x86.ActiveCfg = Debug|Win32
		{66912F73-30B6-41E3-A530-BCE326147C54}.Debug|x86.Build.0 = Debug|Win32
		{66912F73-30B6-41E3-A530-BCE326147C54}.Release|x64.ActiveCfg = Release|x64
		{66912F73-30B6-41E3-A530-BCE326147C54}.Release|x64.Build.0 = Release|x64
		{66912F73-30B6-41E3-A530-BCE326147C54}.Release|x86.ActiveCfg = Release|Win32
		{66912F73-30B6-41E3-A530-BCE326147C54}.Release|x86.Build.0 = Release|Win32
		{4A3B5212-DC13-4DE8-95D6-3AD89EF37C47}.Debug|x64.ActiveCfg = Debug|x64
		{4A3B5212-DC13-4DE8-95D6-3AD89EF37C47}.Debug|x64.Build.0 = Debug|x64
		{4A3B5212-DC13-4DE8-95D6-3AD89EF37C47}.Debug|x86.ActiveCfg = Debug|Win32
		{4A3B5212-DC13-4DE8-95D6-3AD89EF37C47}.Debug|x86.Build.0 = Debug|Win32
		{4A3B5212-DC13-4DE8-95D6-3AD89EF37C47}.Release|x64.ActiveCfg = Release|x64
		{4A3B5212-DC13-4DE8-95D6-3AD89EF37C47}.Release|x64.Build.0 = Release|x64
		{4A3B5212-DC13-4DE8-95D6-3AD89EF37C47}.Release|x86.ActiveCfg = Release|Win32
		{4A3B5212-DC13-4DE8-95D6-3AD89EF37C47}.Release|x86.Build.0 = Release|Win32
		{6131B65E-236A-4BFE-9DA9-FF11C0815A54}.Debug|x64.ActiveCfg = Debug|x64
		{6131B65E-236A-4BFE-9DA9-FF11C0815A54}.Debug|x64.Build.0 = Debug|x64
		{6131B65E-236A-4BFE-9DA9-FF11C0815A54}.Debug|x86.ActiveCfg = Debug|Win32
		{6131B65E-236A-4BFE-9DA9-FF11C0815A54}.Debug|x86.Build.0 = Debug|Win32
		{6131B65E-236A-4BFE-9DA9-FF11C0815A54}.Release|x64.ActiveCfg = Release|x64
		{6131B65E-236A-4BFE-9DA9-FF11C0815A54}.Release|x64.Build.0 = Release|x64
		{6131B65E-236A-4BFE-9DA9-FF11C0815A54}.Release|x86.ActiveCfg = Release|Win32
		{6131B65E-236A-4BFE-9DA9-FF11C0815A54}.Release|x86.Build.0 = Release|Win32
		{701B1443-BA47-4EBB-ACF6-535594BE316A}.Debug|x64.ActiveCfg = Debug|x64
		{701B1443-BA47-4EBB-ACF6-535594BE316A}.Debug|x64.Build.0 = Debug|x64
		{701B1443-BA47-4EBB-ACF6-535594BE316A}.Debug|x86.ActiveCfg = Debug|Win32
		{701B1443-BA47-4EBB-ACF6-535594BE316A}.Debug|x86.Build.0 = Debug|Win32
		{701B1443-BA47-4EBB-ACF6-535594BE316A}.Release|x64.ActiveCfg = Release|x64
		{701B1443-BA47-4EBB-ACF6-535594BE316A}.Release|x64.Build.0 = Release|x64
		{701B1443-BA47-4EBB-ACF6-535594BE316A}.Release|x86.ActiveCfg = Release|Win32
		{701B1443-BA47-4EBB-ACF6-535594BE316A}.Release|x86.Build.0 = Release|Win32
	EndGlobalSection
	GlobalSection(SolutionProperties) = preSolution
		HideSolutionNode = FALSE
	EndGlobalSection
	GlobalSection(ExtensibilityGlobals) = postSolution
		SolutionGuid = {D2F9C84D-6A8A-40CC-BF42-56D97EABEFB7}
	EndGlobalSection
EndGlobal
